// !$*UTF8*$!
{
	archiveVersion = 1;
	classes = {
	};
	objectVersion = 46;
	objects = {

/* Begin PBXBuildFile section */
		FE6351911D73CFA100A0A0B1 /* OMBool.swift in Sources */ = {isa = PBXBuildFile; fileRef = FE6351881D73CFA100A0A0B1 /* OMBool.swift */; };
		FE6351921D73CFA100A0A0B1 /* OMObject.swift in Sources */ = {isa = PBXBuildFile; fileRef = FE6351891D73CFA100A0A0B1 /* OMObject.swift */; };
		FE6351931D73CFA100A0A0B1 /* OMThread.swift in Sources */ = {isa = PBXBuildFile; fileRef = FE63518A1D73CFA100A0A0B1 /* OMThread.swift */; };
		FE6351941D73CFA100A0A0B1 /* OMTimer.swift in Sources */ = {isa = PBXBuildFile; fileRef = FE63518B1D73CFA100A0A0B1 /* OMTimer.swift */; };
		FE6351951D73CFA100A0A0B1 /* OMApplication.swift in Sources */ = {isa = PBXBuildFile; fileRef = FE63518D1D73CFA100A0A0B1 /* OMApplication.swift */; };
		FE6351961D73CFA100A0A0B1 /* OMColor.swift in Sources */ = {isa = PBXBuildFile; fileRef = FE63518E1D73CFA100A0A0B1 /* OMColor.swift */; };
		FE6351971D73CFA100A0A0B1 /* OMStoryboard.swift in Sources */ = {isa = PBXBuildFile; fileRef = FE63518F1D73CFA100A0A0B1 /* OMStoryboard.swift */; };
		FE6351981D73CFA100A0A0B1 /* OMView.swift in Sources */ = {isa = PBXBuildFile; fileRef = FE6351901D73CFA100A0A0B1 /* OMView.swift */; };
		FE63519A1D73D00B00A0A0B1 /* OMArray.swift in Sources */ = {isa = PBXBuildFile; fileRef = FE6351991D73D00B00A0A0B1 /* OMArray.swift */; };
		FE63519C1D73D18E00A0A0B1 /* OMDate.swift in Sources */ = {isa = PBXBuildFile; fileRef = FE63519B1D73D18E00A0A0B1 /* OMDate.swift */; };
		FE63519E1D73D1C900A0A0B1 /* OMDictionary.swift in Sources */ = {isa = PBXBuildFile; fileRef = FE63519D1D73D1C900A0A0B1 /* OMDictionary.swift */; };
		FE6351A01D73D1FD00A0A0B1 /* OMDouble.swift in Sources */ = {isa = PBXBuildFile; fileRef = FE63519F1D73D1FD00A0A0B1 /* OMDouble.swift */; };
		FE6351A21D73D22300A0A0B1 /* OMInt.swift in Sources */ = {isa = PBXBuildFile; fileRef = FE6351A11D73D22300A0A0B1 /* OMInt.swift */; };
		FE6351A41D73D25600A0A0B1 /* OMString.swift in Sources */ = {isa = PBXBuildFile; fileRef = FE6351A31D73D25600A0A0B1 /* OMString.swift */; };
		FE6351A61D73D35900A0A0B1 /* OMAlertController.swift in Sources */ = {isa = PBXBuildFile; fileRef = FE6351A51D73D35900A0A0B1 /* OMAlertController.swift */; };
		FE6351A81D73D39C00A0A0B1 /* OMDevice.swift in Sources */ = {isa = PBXBuildFile; fileRef = FE6351A71D73D39C00A0A0B1 /* OMDevice.swift */; };
		FE6351AA1D73D3FC00A0A0B1 /* OMFont.swift in Sources */ = {isa = PBXBuildFile; fileRef = FE6351A91D73D3FC00A0A0B1 /* OMFont.swift */; };
		FE6351AC1D73D58700A0A0B1 /* OMImage.swift in Sources */ = {isa = PBXBuildFile; fileRef = FE6351AB1D73D58700A0A0B1 /* OMImage.swift */; };
		FE6351AE1D73D5D900A0A0B1 /* OMScreen.swift in Sources */ = {isa = PBXBuildFile; fileRef = FE6351AD1D73D5D900A0A0B1 /* OMScreen.swift */; };
		FE6351B01D73D63F00A0A0B1 /* OMRect.swift in Sources */ = {isa = PBXBuildFile; fileRef = FE6351AF1D73D63F00A0A0B1 /* OMRect.swift */; };
		FE6351B21D73D66000A0A0B1 /* OMNavigationBar.swift in Sources */ = {isa = PBXBuildFile; fileRef = FE6351B11D73D66000A0A0B1 /* OMNavigationBar.swift */; };
		FE6351B41D73D78500A0A0B1 /* OMTableView.swift in Sources */ = {isa = PBXBuildFile; fileRef = FE6351B31D73D78500A0A0B1 /* OMTableView.swift */; };
		FE6351B61D73D7A400A0A0B1 /* OMTextField.swift in Sources */ = {isa = PBXBuildFile; fileRef = FE6351B51D73D7A400A0A0B1 /* OMTextField.swift */; };
		FE6351B81D73D8C000A0A0B1 /* OMTextView.swift in Sources */ = {isa = PBXBuildFile; fileRef = FE6351B71D73D8C000A0A0B1 /* OMTextView.swift */; };
		FE6351BA1D73DBC800A0A0B1 /* OMViewController.swift in Sources */ = {isa = PBXBuildFile; fileRef = FE6351B91D73DBC800A0A0B1 /* OMViewController.swift */; };
		FE8F90581D6EADCC0095D74B /* OMExtension.h in Headers */ = {isa = PBXBuildFile; fileRef = FE8F90571D6EADCC0095D74B /* OMExtension.h */; settings = {ATTRIBUTES = (Public, ); }; };
		FE8F905F1D6EADCC0095D74B /* OMExtension.framework in Frameworks */ = {isa = PBXBuildFile; fileRef = FE8F90541D6EADCC0095D74B /* OMExtension.framework */; };
		FE8F90641D6EADCC0095D74B /* OMExtensionTests.swift in Sources */ = {isa = PBXBuildFile; fileRef = FE8F90631D6EADCC0095D74B /* OMExtensionTests.swift */; };
/* End PBXBuildFile section */

/* Begin PBXContainerItemProxy section */
		FE8F90601D6EADCC0095D74B /* PBXContainerItemProxy */ = {
			isa = PBXContainerItemProxy;
			containerPortal = FE8F904B1D6EADCC0095D74B /* Project object */;
			proxyType = 1;
			remoteGlobalIDString = FE8F90531D6EADCC0095D74B;
			remoteInfo = OMExtension;
		};
/* End PBXContainerItemProxy section */

/* Begin PBXFileReference section */
		FE6351881D73CFA100A0A0B1 /* OMBool.swift */ = {isa = PBXFileReference; fileEncoding = 4; lastKnownFileType = sourcecode.swift; path = OMBool.swift; sourceTree = "<group>"; };
		FE6351891D73CFA100A0A0B1 /* OMObject.swift */ = {isa = PBXFileReference; fileEncoding = 4; lastKnownFileType = sourcecode.swift; path = OMObject.swift; sourceTree = "<group>"; };
		FE63518A1D73CFA100A0A0B1 /* OMThread.swift */ = {isa = PBXFileReference; fileEncoding = 4; lastKnownFileType = sourcecode.swift; path = OMThread.swift; sourceTree = "<group>"; };
		FE63518B1D73CFA100A0A0B1 /* OMTimer.swift */ = {isa = PBXFileReference; fileEncoding = 4; lastKnownFileType = sourcecode.swift; path = OMTimer.swift; sourceTree = "<group>"; };
		FE63518D1D73CFA100A0A0B1 /* OMApplication.swift */ = {isa = PBXFileReference; fileEncoding = 4; lastKnownFileType = sourcecode.swift; path = OMApplication.swift; sourceTree = "<group>"; };
		FE63518E1D73CFA100A0A0B1 /* OMColor.swift */ = {isa = PBXFileReference; fileEncoding = 4; lastKnownFileType = sourcecode.swift; path = OMColor.swift; sourceTree = "<group>"; };
		FE63518F1D73CFA100A0A0B1 /* OMStoryboard.swift */ = {isa = PBXFileReference; fileEncoding = 4; lastKnownFileType = sourcecode.swift; path = OMStoryboard.swift; sourceTree = "<group>"; };
		FE6351901D73CFA100A0A0B1 /* OMView.swift */ = {isa = PBXFileReference; fileEncoding = 4; lastKnownFileType = sourcecode.swift; path = OMView.swift; sourceTree = "<group>"; };
		FE6351991D73D00B00A0A0B1 /* OMArray.swift */ = {isa = PBXFileReference; fileEncoding = 4; lastKnownFileType = sourcecode.swift; path = OMArray.swift; sourceTree = "<group>"; };
		FE63519B1D73D18E00A0A0B1 /* OMDate.swift */ = {isa = PBXFileReference; fileEncoding = 4; lastKnownFileType = sourcecode.swift; path = OMDate.swift; sourceTree = "<group>"; };
		FE63519D1D73D1C900A0A0B1 /* OMDictionary.swift */ = {isa = PBXFileReference; fileEncoding = 4; lastKnownFileType = sourcecode.swift; path = OMDictionary.swift; sourceTree = "<group>"; };
		FE63519F1D73D1FD00A0A0B1 /* OMDouble.swift */ = {isa = PBXFileReference; fileEncoding = 4; lastKnownFileType = sourcecode.swift; path = OMDouble.swift; sourceTree = "<group>"; };
		FE6351A11D73D22300A0A0B1 /* OMInt.swift */ = {isa = PBXFileReference; fileEncoding = 4; lastKnownFileType = sourcecode.swift; path = OMInt.swift; sourceTree = "<group>"; };
		FE6351A31D73D25600A0A0B1 /* OMString.swift */ = {isa = PBXFileReference; fileEncoding = 4; lastKnownFileType = sourcecode.swift; path = OMString.swift; sourceTree = "<group>"; };
		FE6351A51D73D35900A0A0B1 /* OMAlertController.swift */ = {isa = PBXFileReference; fileEncoding = 4; lastKnownFileType = sourcecode.swift; path = OMAlertController.swift; sourceTree = "<group>"; };
		FE6351A71D73D39C00A0A0B1 /* OMDevice.swift */ = {isa = PBXFileReference; fileEncoding = 4; lastKnownFileType = sourcecode.swift; path = OMDevice.swift; sourceTree = "<group>"; };
		FE6351A91D73D3FC00A0A0B1 /* OMFont.swift */ = {isa = PBXFileReference; fileEncoding = 4; lastKnownFileType = sourcecode.swift; path = OMFont.swift; sourceTree = "<group>"; };
		FE6351AB1D73D58700A0A0B1 /* OMImage.swift */ = {isa = PBXFileReference; fileEncoding = 4; lastKnownFileType = sourcecode.swift; path = OMImage.swift; sourceTree = "<group>"; };
		FE6351AD1D73D5D900A0A0B1 /* OMScreen.swift */ = {isa = PBXFileReference; fileEncoding = 4; lastKnownFileType = sourcecode.swift; path = OMScreen.swift; sourceTree = "<group>"; };
		FE6351AF1D73D63F00A0A0B1 /* OMRect.swift */ = {isa = PBXFileReference; fileEncoding = 4; lastKnownFileType = sourcecode.swift; path = OMRect.swift; sourceTree = "<group>"; };
		FE6351B11D73D66000A0A0B1 /* OMNavigationBar.swift */ = {isa = PBXFileReference; fileEncoding = 4; lastKnownFileType = sourcecode.swift; path = OMNavigationBar.swift; sourceTree = "<group>"; };
		FE6351B31D73D78500A0A0B1 /* OMTableView.swift */ = {isa = PBXFileReference; fileEncoding = 4; lastKnownFileType = sourcecode.swift; path = OMTableView.swift; sourceTree = "<group>"; };
		FE6351B51D73D7A400A0A0B1 /* OMTextField.swift */ = {isa = PBXFileReference; fileEncoding = 4; lastKnownFileType = sourcecode.swift; path = OMTextField.swift; sourceTree = "<group>"; };
		FE6351B71D73D8C000A0A0B1 /* OMTextView.swift */ = {isa = PBXFileReference; fileEncoding = 4; lastKnownFileType = sourcecode.swift; path = OMTextView.swift; sourceTree = "<group>"; };
		FE6351B91D73DBC800A0A0B1 /* OMViewController.swift */ = {isa = PBXFileReference; fileEncoding = 4; lastKnownFileType = sourcecode.swift; path = OMViewController.swift; sourceTree = "<group>"; };
		FE8F90541D6EADCC0095D74B /* OMExtension.framework */ = {isa = PBXFileReference; explicitFileType = wrapper.framework; includeInIndex = 0; path = OMExtension.framework; sourceTree = BUILT_PRODUCTS_DIR; };
		FE8F90571D6EADCC0095D74B /* OMExtension.h */ = {isa = PBXFileReference; lastKnownFileType = sourcecode.c.h; path = OMExtension.h; sourceTree = "<group>"; };
		FE8F90591D6EADCC0095D74B /* Info.plist */ = {isa = PBXFileReference; lastKnownFileType = text.plist.xml; path = Info.plist; sourceTree = "<group>"; };
		FE8F905E1D6EADCC0095D74B /* OMExtensionTests.xctest */ = {isa = PBXFileReference; explicitFileType = wrapper.cfbundle; includeInIndex = 0; path = OMExtensionTests.xctest; sourceTree = BUILT_PRODUCTS_DIR; };
		FE8F90631D6EADCC0095D74B /* OMExtensionTests.swift */ = {isa = PBXFileReference; lastKnownFileType = sourcecode.swift; path = OMExtensionTests.swift; sourceTree = "<group>"; };
		FE8F90651D6EADCC0095D74B /* Info.plist */ = {isa = PBXFileReference; lastKnownFileType = text.plist.xml; path = Info.plist; sourceTree = "<group>"; };
/* End PBXFileReference section */

/* Begin PBXFrameworksBuildPhase section */
		FE8F90501D6EADCC0095D74B /* Frameworks */ = {
			isa = PBXFrameworksBuildPhase;
			buildActionMask = 2147483647;
			files = (
			);
			runOnlyForDeploymentPostprocessing = 0;
		};
		FE8F905B1D6EADCC0095D74B /* Frameworks */ = {
			isa = PBXFrameworksBuildPhase;
			buildActionMask = 2147483647;
			files = (
				FE8F905F1D6EADCC0095D74B /* OMExtension.framework in Frameworks */,
			);
			runOnlyForDeploymentPostprocessing = 0;
		};
/* End PBXFrameworksBuildPhase section */

/* Begin PBXGroup section */
		FE6351861D73CFA100A0A0B1 /* Source */ = {
			isa = PBXGroup;
			children = (
				FE6351871D73CFA100A0A0B1 /* Foundation */,
				FE63518C1D73CFA100A0A0B1 /* UIKit */,
			);
			path = Source;
			sourceTree = "<group>";
		};
		FE6351871D73CFA100A0A0B1 /* Foundation */ = {
			isa = PBXGroup;
			children = (
				FE6351991D73D00B00A0A0B1 /* OMArray.swift */,
				FE6351881D73CFA100A0A0B1 /* OMBool.swift */,
				FE63519B1D73D18E00A0A0B1 /* OMDate.swift */,
				FE63519D1D73D1C900A0A0B1 /* OMDictionary.swift */,
				FE63519F1D73D1FD00A0A0B1 /* OMDouble.swift */,
				FE6351A11D73D22300A0A0B1 /* OMInt.swift */,
				FE6351891D73CFA100A0A0B1 /* OMObject.swift */,
				FE6351A31D73D25600A0A0B1 /* OMString.swift */,
				FE63518A1D73CFA100A0A0B1 /* OMThread.swift */,
				FE63518B1D73CFA100A0A0B1 /* OMTimer.swift */,
			);
			path = Foundation;
			sourceTree = "<group>";
		};
		FE63518C1D73CFA100A0A0B1 /* UIKit */ = {
			isa = PBXGroup;
			children = (
				FE6351A51D73D35900A0A0B1 /* OMAlertController.swift */,
				FE63518D1D73CFA100A0A0B1 /* OMApplication.swift */,
				FE63518E1D73CFA100A0A0B1 /* OMColor.swift */,
				FE6351A71D73D39C00A0A0B1 /* OMDevice.swift */,
				FE6351A91D73D3FC00A0A0B1 /* OMFont.swift */,
				FE6351AB1D73D58700A0A0B1 /* OMImage.swift */,
				FE6351B11D73D66000A0A0B1 /* OMNavigationBar.swift */,
				FE6351AF1D73D63F00A0A0B1 /* OMRect.swift */,
				FE6351AD1D73D5D900A0A0B1 /* OMScreen.swift */,
				FE63518F1D73CFA100A0A0B1 /* OMStoryboard.swift */,
				FE6351B31D73D78500A0A0B1 /* OMTableView.swift */,
				FE6351B51D73D7A400A0A0B1 /* OMTextField.swift */,
				FE6351B71D73D8C000A0A0B1 /* OMTextView.swift */,
				FE6351901D73CFA100A0A0B1 /* OMView.swift */,
				FE6351B91D73DBC800A0A0B1 /* OMViewController.swift */,
			);
			path = UIKit;
			sourceTree = "<group>";
		};
		FE8F904A1D6EADCC0095D74B = {
			isa = PBXGroup;
			children = (
				FE8F90561D6EADCC0095D74B /* OMExtension */,
				FE8F90621D6EADCC0095D74B /* OMExtensionTests */,
				FE8F90551D6EADCC0095D74B /* Products */,
			);
			sourceTree = "<group>";
		};
		FE8F90551D6EADCC0095D74B /* Products */ = {
			isa = PBXGroup;
			children = (
				FE8F90541D6EADCC0095D74B /* OMExtension.framework */,
				FE8F905E1D6EADCC0095D74B /* OMExtensionTests.xctest */,
			);
			name = Products;
			sourceTree = "<group>";
		};
		FE8F90561D6EADCC0095D74B /* OMExtension */ = {
			isa = PBXGroup;
			children = (
				FE8F90591D6EADCC0095D74B /* Info.plist */,
				FE8F90571D6EADCC0095D74B /* OMExtension.h */,
				FE6351861D73CFA100A0A0B1 /* Source */,
			);
			path = OMExtension;
			sourceTree = "<group>";
		};
		FE8F90621D6EADCC0095D74B /* OMExtensionTests */ = {
			isa = PBXGroup;
			children = (
				FE8F90631D6EADCC0095D74B /* OMExtensionTests.swift */,
				FE8F90651D6EADCC0095D74B /* Info.plist */,
			);
			path = OMExtensionTests;
			sourceTree = "<group>";
		};
/* End PBXGroup section */

/* Begin PBXHeadersBuildPhase section */
		FE8F90511D6EADCC0095D74B /* Headers */ = {
			isa = PBXHeadersBuildPhase;
			buildActionMask = 2147483647;
			files = (
				FE8F90581D6EADCC0095D74B /* OMExtension.h in Headers */,
			);
			runOnlyForDeploymentPostprocessing = 0;
		};
/* End PBXHeadersBuildPhase section */

/* Begin PBXNativeTarget section */
		FE8F90531D6EADCC0095D74B /* OMExtension */ = {
			isa = PBXNativeTarget;
			buildConfigurationList = FE8F90681D6EADCC0095D74B /* Build configuration list for PBXNativeTarget "OMExtension" */;
			buildPhases = (
				FE8F904F1D6EADCC0095D74B /* Sources */,
				FE8F90501D6EADCC0095D74B /* Frameworks */,
				FE8F90511D6EADCC0095D74B /* Headers */,
				FE8F90521D6EADCC0095D74B /* Resources */,
			);
			buildRules = (
			);
			dependencies = (
			);
			name = OMExtension;
			productName = OMExtension;
			productReference = FE8F90541D6EADCC0095D74B /* OMExtension.framework */;
			productType = "com.apple.product-type.framework";
		};
		FE8F905D1D6EADCC0095D74B /* OMExtensionTests */ = {
			isa = PBXNativeTarget;
			buildConfigurationList = FE8F906B1D6EADCC0095D74B /* Build configuration list for PBXNativeTarget "OMExtensionTests" */;
			buildPhases = (
				FE8F905A1D6EADCC0095D74B /* Sources */,
				FE8F905B1D6EADCC0095D74B /* Frameworks */,
				FE8F905C1D6EADCC0095D74B /* Resources */,
			);
			buildRules = (
			);
			dependencies = (
				FE8F90611D6EADCC0095D74B /* PBXTargetDependency */,
			);
			name = OMExtensionTests;
			productName = OMExtensionTests;
			productReference = FE8F905E1D6EADCC0095D74B /* OMExtensionTests.xctest */;
			productType = "com.apple.product-type.bundle.unit-test";
		};
/* End PBXNativeTarget section */

/* Begin PBXProject section */
		FE8F904B1D6EADCC0095D74B /* Project object */ = {
			isa = PBXProject;
			attributes = {
				LastSwiftUpdateCheck = 0730;
				LastUpgradeCheck = 0800;
				ORGANIZATIONNAME = OctMon;
				TargetAttributes = {
					FE8F90531D6EADCC0095D74B = {
						CreatedOnToolsVersion = 7.3.1;
						LastSwiftMigration = 0800;
					};
					FE8F905D1D6EADCC0095D74B = {
						CreatedOnToolsVersion = 7.3.1;
						LastSwiftMigration = 0800;
					};
				};
			};
			buildConfigurationList = FE8F904E1D6EADCC0095D74B /* Build configuration list for PBXProject "OMExtension" */;
			compatibilityVersion = "Xcode 3.2";
			developmentRegion = English;
			hasScannedForEncodings = 0;
			knownRegions = (
				en,
			);
			mainGroup = FE8F904A1D6EADCC0095D74B;
			productRefGroup = FE8F90551D6EADCC0095D74B /* Products */;
			projectDirPath = "";
			projectRoot = "";
			targets = (
				FE8F90531D6EADCC0095D74B /* OMExtension */,
				FE8F905D1D6EADCC0095D74B /* OMExtensionTests */,
			);
		};
/* End PBXProject section */

/* Begin PBXResourcesBuildPhase section */
		FE8F90521D6EADCC0095D74B /* Resources */ = {
			isa = PBXResourcesBuildPhase;
			buildActionMask = 2147483647;
			files = (
			);
			runOnlyForDeploymentPostprocessing = 0;
		};
		FE8F905C1D6EADCC0095D74B /* Resources */ = {
			isa = PBXResourcesBuildPhase;
			buildActionMask = 2147483647;
			files = (
			);
			runOnlyForDeploymentPostprocessing = 0;
		};
/* End PBXResourcesBuildPhase section */

/* Begin PBXSourcesBuildPhase section */
		FE8F904F1D6EADCC0095D74B /* Sources */ = {
			isa = PBXSourcesBuildPhase;
			buildActionMask = 2147483647;
			files = (
				FE6351921D73CFA100A0A0B1 /* OMObject.swift in Sources */,
				FE6351AA1D73D3FC00A0A0B1 /* OMFont.swift in Sources */,
				FE6351961D73CFA100A0A0B1 /* OMColor.swift in Sources */,
				FE6351951D73CFA100A0A0B1 /* OMApplication.swift in Sources */,
				FE6351941D73CFA100A0A0B1 /* OMTimer.swift in Sources */,
				FE6351A21D73D22300A0A0B1 /* OMInt.swift in Sources */,
				FE6351A81D73D39C00A0A0B1 /* OMDevice.swift in Sources */,
				FE6351A01D73D1FD00A0A0B1 /* OMDouble.swift in Sources */,
				FE6351A41D73D25600A0A0B1 /* OMString.swift in Sources */,
				FE6351B01D73D63F00A0A0B1 /* OMRect.swift in Sources */,
				FE6351B21D73D66000A0A0B1 /* OMNavigationBar.swift in Sources */,
				FE6351A61D73D35900A0A0B1 /* OMAlertController.swift in Sources */,
				FE6351911D73CFA100A0A0B1 /* OMBool.swift in Sources */,
				FE63519C1D73D18E00A0A0B1 /* OMDate.swift in Sources */,
				FE6351971D73CFA100A0A0B1 /* OMStoryboard.swift in Sources */,
				FE6351B81D73D8C000A0A0B1 /* OMTextView.swift in Sources */,
				FE6351AC1D73D58700A0A0B1 /* OMImage.swift in Sources */,
				FE63519A1D73D00B00A0A0B1 /* OMArray.swift in Sources */,
				FE6351B61D73D7A400A0A0B1 /* OMTextField.swift in Sources */,
				FE6351BA1D73DBC800A0A0B1 /* OMViewController.swift in Sources */,
				FE6351981D73CFA100A0A0B1 /* OMView.swift in Sources */,
				FE6351931D73CFA100A0A0B1 /* OMThread.swift in Sources */,
				FE6351B41D73D78500A0A0B1 /* OMTableView.swift in Sources */,
				FE63519E1D73D1C900A0A0B1 /* OMDictionary.swift in Sources */,
				FE6351AE1D73D5D900A0A0B1 /* OMScreen.swift in Sources */,
			);
			runOnlyForDeploymentPostprocessing = 0;
		};
		FE8F905A1D6EADCC0095D74B /* Sources */ = {
			isa = PBXSourcesBuildPhase;
			buildActionMask = 2147483647;
			files = (
				FE8F90641D6EADCC0095D74B /* OMExtensionTests.swift in Sources */,
			);
			runOnlyForDeploymentPostprocessing = 0;
		};
/* End PBXSourcesBuildPhase section */

/* Begin PBXTargetDependency section */
		FE8F90611D6EADCC0095D74B /* PBXTargetDependency */ = {
			isa = PBXTargetDependency;
			target = FE8F90531D6EADCC0095D74B /* OMExtension */;
			targetProxy = FE8F90601D6EADCC0095D74B /* PBXContainerItemProxy */;
		};
/* End PBXTargetDependency section */

/* Begin XCBuildConfiguration section */
		FE8F90661D6EADCC0095D74B /* Debug */ = {
			isa = XCBuildConfiguration;
			buildSettings = {
				ALWAYS_SEARCH_USER_PATHS = NO;
				CLANG_ANALYZER_NONNULL = YES;
				CLANG_CXX_LANGUAGE_STANDARD = "gnu++0x";
				CLANG_CXX_LIBRARY = "libc++";
				CLANG_ENABLE_MODULES = YES;
				CLANG_ENABLE_OBJC_ARC = YES;
				CLANG_WARN_BOOL_CONVERSION = YES;
				CLANG_WARN_CONSTANT_CONVERSION = YES;
				CLANG_WARN_DIRECT_OBJC_ISA_USAGE = YES_ERROR;
				CLANG_WARN_EMPTY_BODY = YES;
				CLANG_WARN_ENUM_CONVERSION = YES;
				CLANG_WARN_INFINITE_RECURSION = YES;
				CLANG_WARN_INT_CONVERSION = YES;
				CLANG_WARN_OBJC_ROOT_CLASS = YES_ERROR;
				CLANG_WARN_SUSPICIOUS_MOVE = YES;
				CLANG_WARN_UNREACHABLE_CODE = YES;
				CLANG_WARN__DUPLICATE_METHOD_MATCH = YES;
				"CODE_SIGN_IDENTITY[sdk=iphoneos*]" = "iPhone Developer";
				COPY_PHASE_STRIP = NO;
				CURRENT_PROJECT_VERSION = 1;
				DEBUG_INFORMATION_FORMAT = dwarf;
				ENABLE_STRICT_OBJC_MSGSEND = YES;
				ENABLE_TESTABILITY = YES;
				GCC_C_LANGUAGE_STANDARD = gnu99;
				GCC_DYNAMIC_NO_PIC = NO;
				GCC_NO_COMMON_BLOCKS = YES;
				GCC_OPTIMIZATION_LEVEL = 0;
				GCC_PREPROCESSOR_DEFINITIONS = (
					"DEBUG=1",
					"$(inherited)",
				);
				GCC_WARN_64_TO_32_BIT_CONVERSION = YES;
				GCC_WARN_ABOUT_RETURN_TYPE = YES_ERROR;
				GCC_WARN_UNDECLARED_SELECTOR = YES;
				GCC_WARN_UNINITIALIZED_AUTOS = YES_AGGRESSIVE;
				GCC_WARN_UNUSED_FUNCTION = YES;
				GCC_WARN_UNUSED_VARIABLE = YES;
				IPHONEOS_DEPLOYMENT_TARGET = 8.0;
				MTL_ENABLE_DEBUG_INFO = YES;
				ONLY_ACTIVE_ARCH = YES;
				SDKROOT = iphoneos;
				SWIFT_OPTIMIZATION_LEVEL = "-Onone";
				TARGETED_DEVICE_FAMILY = "1,2";
				VERSIONING_SYSTEM = "apple-generic";
				VERSION_INFO_PREFIX = "";
			};
			name = Debug;
		};
		FE8F90671D6EADCC0095D74B /* Release */ = {
			isa = XCBuildConfiguration;
			buildSettings = {
				ALWAYS_SEARCH_USER_PATHS = NO;
				CLANG_ANALYZER_NONNULL = YES;
				CLANG_CXX_LANGUAGE_STANDARD = "gnu++0x";
				CLANG_CXX_LIBRARY = "libc++";
				CLANG_ENABLE_MODULES = YES;
				CLANG_ENABLE_OBJC_ARC = YES;
				CLANG_WARN_BOOL_CONVERSION = YES;
				CLANG_WARN_CONSTANT_CONVERSION = YES;
				CLANG_WARN_DIRECT_OBJC_ISA_USAGE = YES_ERROR;
				CLANG_WARN_EMPTY_BODY = YES;
				CLANG_WARN_ENUM_CONVERSION = YES;
				CLANG_WARN_INFINITE_RECURSION = YES;
				CLANG_WARN_INT_CONVERSION = YES;
				CLANG_WARN_OBJC_ROOT_CLASS = YES_ERROR;
				CLANG_WARN_SUSPICIOUS_MOVE = YES;
				CLANG_WARN_UNREACHABLE_CODE = YES;
				CLANG_WARN__DUPLICATE_METHOD_MATCH = YES;
				"CODE_SIGN_IDENTITY[sdk=iphoneos*]" = "iPhone Developer";
				COPY_PHASE_STRIP = NO;
				CURRENT_PROJECT_VERSION = 1;
				DEBUG_INFORMATION_FORMAT = "dwarf-with-dsym";
				ENABLE_NS_ASSERTIONS = NO;
				ENABLE_STRICT_OBJC_MSGSEND = YES;
				GCC_C_LANGUAGE_STANDARD = gnu99;
				GCC_NO_COMMON_BLOCKS = YES;
				GCC_WARN_64_TO_32_BIT_CONVERSION = YES;
				GCC_WARN_ABOUT_RETURN_TYPE = YES_ERROR;
				GCC_WARN_UNDECLARED_SELECTOR = YES;
				GCC_WARN_UNINITIALIZED_AUTOS = YES_AGGRESSIVE;
				GCC_WARN_UNUSED_FUNCTION = YES;
				GCC_WARN_UNUSED_VARIABLE = YES;
				IPHONEOS_DEPLOYMENT_TARGET = 8.0;
				MTL_ENABLE_DEBUG_INFO = NO;
				SDKROOT = iphoneos;
				SWIFT_OPTIMIZATION_LEVEL = "-Owholemodule";
				TARGETED_DEVICE_FAMILY = "1,2";
				VALIDATE_PRODUCT = YES;
				VERSIONING_SYSTEM = "apple-generic";
				VERSION_INFO_PREFIX = "";
			};
			name = Release;
		};
		FE8F90691D6EADCC0095D74B /* Debug */ = {
			isa = XCBuildConfiguration;
			buildSettings = {
				"CODE_SIGN_IDENTITY[sdk=iphoneos*]" = "";
				DEFINES_MODULE = YES;
				DYLIB_COMPATIBILITY_VERSION = 1;
				DYLIB_CURRENT_VERSION = 1;
				DYLIB_INSTALL_NAME_BASE = "@rpath";
				INFOPLIST_FILE = OMExtension/Info.plist;
				INSTALL_PATH = "$(LOCAL_LIBRARY_DIR)/Frameworks";
				LD_RUNPATH_SEARCH_PATHS = "$(inherited) @executable_path/Frameworks @loader_path/Frameworks";
				PRODUCT_BUNDLE_IDENTIFIER = com.octmon.OMExtension;
				PRODUCT_NAME = "$(TARGET_NAME)";
				SKIP_INSTALL = YES;
				SWIFT_VERSION = 2.3;
			};
			name = Debug;
		};
		FE8F906A1D6EADCC0095D74B /* Release */ = {
			isa = XCBuildConfiguration;
			buildSettings = {
				"CODE_SIGN_IDENTITY[sdk=iphoneos*]" = "";
				DEFINES_MODULE = YES;
				DYLIB_COMPATIBILITY_VERSION = 1;
				DYLIB_CURRENT_VERSION = 1;
				DYLIB_INSTALL_NAME_BASE = "@rpath";
				INFOPLIST_FILE = OMExtension/Info.plist;
				INSTALL_PATH = "$(LOCAL_LIBRARY_DIR)/Frameworks";
				LD_RUNPATH_SEARCH_PATHS = "$(inherited) @executable_path/Frameworks @loader_path/Frameworks";
				PRODUCT_BUNDLE_IDENTIFIER = com.octmon.OMExtension;
				PRODUCT_NAME = "$(TARGET_NAME)";
				SKIP_INSTALL = YES;
				SWIFT_VERSION = 2.3;
			};
			name = Release;
		};
		FE8F906C1D6EADCC0095D74B /* Debug */ = {
			isa = XCBuildConfiguration;
			buildSettings = {
				INFOPLIST_FILE = OMExtensionTests/Info.plist;
				LD_RUNPATH_SEARCH_PATHS = "$(inherited) @executable_path/Frameworks @loader_path/Frameworks";
				PRODUCT_BUNDLE_IDENTIFIER = com.octmon.OMExtensionTests;
				PRODUCT_NAME = "$(TARGET_NAME)";
				SWIFT_VERSION = 2.3;
			};
			name = Debug;
		};
		FE8F906D1D6EADCC0095D74B /* Release */ = {
			isa = XCBuildConfiguration;
			buildSettings = {
				INFOPLIST_FILE = OMExtensionTests/Info.plist;
				LD_RUNPATH_SEARCH_PATHS = "$(inherited) @executable_path/Frameworks @loader_path/Frameworks";
				PRODUCT_BUNDLE_IDENTIFIER = com.octmon.OMExtensionTests;
				PRODUCT_NAME = "$(TARGET_NAME)";
				SWIFT_VERSION = 2.3;
			};
			name = Release;
		};
/* End XCBuildConfiguration section */

/* Begin XCConfigurationList section */
		FE8F904E1D6EADCC0095D74B /* Build configuration list for PBXProject "OMExtension" */ = {
			isa = XCConfigurationList;
			buildConfigurations = (
				FE8F90661D6EADCC0095D74B /* Debug */,
				FE8F90671D6EADCC0095D74B /* Release */,
			);
			defaultConfigurationIsVisible = 0;
			defaultConfigurationName = Release;
		};
		FE8F90681D6EADCC0095D74B /* Build configuration list for PBXNativeTarget "OMExtension" */ = {
			isa = XCConfigurationList;
			buildConfigurations = (
				FE8F90691D6EADCC0095D74B /* Debug */,
				FE8F906A1D6EADCC0095D74B /* Release */,
			);
			defaultConfigurationIsVisible = 0;
			defaultConfigurationName = Release;
		};
		FE8F906B1D6EADCC0095D74B /* Build configuration list for PBXNativeTarget "OMExtensionTests" */ = {
			isa = XCConfigurationList;
			buildConfigurations = (
				FE8F906C1D6EADCC0095D74B /* Debug */,
				FE8F906D1D6EADCC0095D74B /* Release */,
			);
			defaultConfigurationIsVisible = 0;
			defaultConfigurationName = Release;
		};
/* End XCConfigurationList section */
	};
	rootObject = FE8F904B1D6EADCC0095D74B /* Project object */;
}
