// !$*UTF8*$!
{
	archiveVersion = 1;
	classes = {
	};
	objectVersion = 46;
	objects = {

/* Begin PBXBuildFile section */
		FE0F33E31DF5066200744328 /* OMViewController.swift in Sources */ = {isa = PBXBuildFile; fileRef = FEF83F401DCC1BAA000C9B08 /* OMViewController.swift */; };
		FE0F33E41DF5066200744328 /* OMTextField.swift in Sources */ = {isa = PBXBuildFile; fileRef = FEF83F3D1DCC1BAA000C9B08 /* OMTextField.swift */; };
		FE0F33E51DF5066200744328 /* OMString.swift in Sources */ = {isa = PBXBuildFile; fileRef = FEF83F2D1DCC1BAA000C9B08 /* OMString.swift */; };
		FE0F33E61DF5066200744328 /* OMArray.swift in Sources */ = {isa = PBXBuildFile; fileRef = FEF83F241DCC1BAA000C9B08 /* OMArray.swift */; };
		FE0F33E71DF5066200744328 /* OMButton.swift in Sources */ = {isa = PBXBuildFile; fileRef = FE28E6F41DD2BFC10009A2BE /* OMButton.swift */; };
		FE0F33E81DF5066200744328 /* OMDictionary.swift in Sources */ = {isa = PBXBuildFile; fileRef = FEF83F281DCC1BAA000C9B08 /* OMDictionary.swift */; };
		FE0F33E91DF5066200744328 /* OMImage.swift in Sources */ = {isa = PBXBuildFile; fileRef = FEF83F371DCC1BAA000C9B08 /* OMImage.swift */; };
		FE0F33EA1DF5066200744328 /* OMColor.swift in Sources */ = {isa = PBXBuildFile; fileRef = FEF83F341DCC1BAA000C9B08 /* OMColor.swift */; };
		FE0F33EB1DF5066200744328 /* OMRect.swift in Sources */ = {isa = PBXBuildFile; fileRef = FEF83F391DCC1BAA000C9B08 /* OMRect.swift */; };
		FE0F33EC1DF5066200744328 /* OMDate.swift in Sources */ = {isa = PBXBuildFile; fileRef = FEF83F271DCC1BAA000C9B08 /* OMDate.swift */; };
		FE0F33ED1DF5066200744328 /* OMStoryboard.swift in Sources */ = {isa = PBXBuildFile; fileRef = FEF83F3B1DCC1BAA000C9B08 /* OMStoryboard.swift */; };
		FE0F33EE1DF5066200744328 /* OMObject.swift in Sources */ = {isa = PBXBuildFile; fileRef = FEF83F2C1DCC1BAA000C9B08 /* OMObject.swift */; };
		FE0F33EF1DF5066200744328 /* OMNavigationItem.swift in Sources */ = {isa = PBXBuildFile; fileRef = FE13E1BE1DDE9B77005FB3FC /* OMNavigationItem.swift */; };
		FE0F33F01DF5066200744328 /* OMData.swift in Sources */ = {isa = PBXBuildFile; fileRef = FEF83F261DCC1BAA000C9B08 /* OMData.swift */; };
		FE0F33F11DF5066200744328 /* OMExtension.swift in Sources */ = {isa = PBXBuildFile; fileRef = FE1EFA861DD43BAF0061926B /* OMExtension.swift */; };
		FE0F33F21DF5066200744328 /* OMAlertController.swift in Sources */ = {isa = PBXBuildFile; fileRef = FEF83F321DCC1BAA000C9B08 /* OMAlertController.swift */; };
		FE0F33F31DF5066200744328 /* OMDevice.swift in Sources */ = {isa = PBXBuildFile; fileRef = FEF83F351DCC1BAA000C9B08 /* OMDevice.swift */; };
		FE0F33F41DF5066200744328 /* OMView.swift in Sources */ = {isa = PBXBuildFile; fileRef = FEF83F3F1DCC1BAA000C9B08 /* OMView.swift */; };
		FE0F33F51DF5066200744328 /* OMDouble.swift in Sources */ = {isa = PBXBuildFile; fileRef = FEF83F291DCC1BAA000C9B08 /* OMDouble.swift */; };
		FE0F33F61DF5066200744328 /* OMInt.swift in Sources */ = {isa = PBXBuildFile; fileRef = FEF83F2B1DCC1BAA000C9B08 /* OMInt.swift */; };
		FE0F33F71DF5066200744328 /* OMScreen.swift in Sources */ = {isa = PBXBuildFile; fileRef = FEF83F3A1DCC1BAA000C9B08 /* OMScreen.swift */; };
		FE0F33F81DF5066200744328 /* OMWebView.swift in Sources */ = {isa = PBXBuildFile; fileRef = FEC273E81DDEAAEF00D33030 /* OMWebView.swift */; };
		FE0F33F91DF5066200744328 /* OMURLRequest.swift in Sources */ = {isa = PBXBuildFile; fileRef = FEF83F301DCC1BAA000C9B08 /* OMURLRequest.swift */; };
		FE0F33FA1DF5066200744328 /* OMBarButtonItem.swift in Sources */ = {isa = PBXBuildFile; fileRef = FEF949001DD3024700B5F1BC /* OMBarButtonItem.swift */; };
		FE0F33FB1DF5066200744328 /* OMNavigationBar.swift in Sources */ = {isa = PBXBuildFile; fileRef = FEF83F381DCC1BAA000C9B08 /* OMNavigationBar.swift */; };
		FE0F33FC1DF5066200744328 /* OMThread.swift in Sources */ = {isa = PBXBuildFile; fileRef = FEF83F2E1DCC1BAA000C9B08 /* OMThread.swift */; };
		FE0F33FD1DF5066200744328 /* OMApplication.swift in Sources */ = {isa = PBXBuildFile; fileRef = FEF83F331DCC1BAA000C9B08 /* OMApplication.swift */; };
		FE0F33FE1DF5066200744328 /* OMTableView.swift in Sources */ = {isa = PBXBuildFile; fileRef = FEF83F3C1DCC1BAA000C9B08 /* OMTableView.swift */; };
		FE0F33FF1DF5066200744328 /* OMTextView.swift in Sources */ = {isa = PBXBuildFile; fileRef = FEF83F3E1DCC1BAA000C9B08 /* OMTextView.swift */; };
		FE0F34001DF5066200744328 /* OMFont.swift in Sources */ = {isa = PBXBuildFile; fileRef = FEF83F361DCC1BAA000C9B08 /* OMFont.swift */; };
		FE0F34011DF5066200744328 /* OMTimer.swift in Sources */ = {isa = PBXBuildFile; fileRef = FEF83F2F1DCC1BAA000C9B08 /* OMTimer.swift */; };
		FE0F34021DF5066200744328 /* OMFileManager.swift in Sources */ = {isa = PBXBuildFile; fileRef = FEF83F2A1DCC1BAA000C9B08 /* OMFileManager.swift */; };
		FE0F34031DF5066200744328 /* OMBool.swift in Sources */ = {isa = PBXBuildFile; fileRef = FEF83F251DCC1BAA000C9B08 /* OMBool.swift */; };
		FE0F34061DF5066200744328 /* OMExtension.h in Headers */ = {isa = PBXBuildFile; fileRef = FE8F90571D6EADCC0095D74B /* OMExtension.h */; settings = {ATTRIBUTES = (Public, ); }; };
		FE0F34E11DF511FB00744328 /* OMViewController.swift in Sources */ = {isa = PBXBuildFile; fileRef = FEF83F401DCC1BAA000C9B08 /* OMViewController.swift */; };
		FE0F34E21DF511FB00744328 /* OMTextField.swift in Sources */ = {isa = PBXBuildFile; fileRef = FEF83F3D1DCC1BAA000C9B08 /* OMTextField.swift */; };
		FE0F34E31DF511FB00744328 /* OMString.swift in Sources */ = {isa = PBXBuildFile; fileRef = FEF83F2D1DCC1BAA000C9B08 /* OMString.swift */; };
		FE0F34E41DF511FB00744328 /* OMArray.swift in Sources */ = {isa = PBXBuildFile; fileRef = FEF83F241DCC1BAA000C9B08 /* OMArray.swift */; };
		FE0F34E51DF511FB00744328 /* OMButton.swift in Sources */ = {isa = PBXBuildFile; fileRef = FE28E6F41DD2BFC10009A2BE /* OMButton.swift */; };
		FE0F34E61DF511FB00744328 /* OMDictionary.swift in Sources */ = {isa = PBXBuildFile; fileRef = FEF83F281DCC1BAA000C9B08 /* OMDictionary.swift */; };
		FE0F34E71DF511FB00744328 /* OMImage.swift in Sources */ = {isa = PBXBuildFile; fileRef = FEF83F371DCC1BAA000C9B08 /* OMImage.swift */; };
		FE0F34E81DF511FB00744328 /* OMColor.swift in Sources */ = {isa = PBXBuildFile; fileRef = FEF83F341DCC1BAA000C9B08 /* OMColor.swift */; };
		FE0F34E91DF511FB00744328 /* OMRect.swift in Sources */ = {isa = PBXBuildFile; fileRef = FEF83F391DCC1BAA000C9B08 /* OMRect.swift */; };
		FE0F34EA1DF511FB00744328 /* OMDate.swift in Sources */ = {isa = PBXBuildFile; fileRef = FEF83F271DCC1BAA000C9B08 /* OMDate.swift */; };
		FE0F34EB1DF511FB00744328 /* OMStoryboard.swift in Sources */ = {isa = PBXBuildFile; fileRef = FEF83F3B1DCC1BAA000C9B08 /* OMStoryboard.swift */; };
		FE0F34EC1DF511FB00744328 /* OMObject.swift in Sources */ = {isa = PBXBuildFile; fileRef = FEF83F2C1DCC1BAA000C9B08 /* OMObject.swift */; };
		FE0F34ED1DF511FB00744328 /* OMNavigationItem.swift in Sources */ = {isa = PBXBuildFile; fileRef = FE13E1BE1DDE9B77005FB3FC /* OMNavigationItem.swift */; };
		FE0F34EE1DF511FB00744328 /* OMData.swift in Sources */ = {isa = PBXBuildFile; fileRef = FEF83F261DCC1BAA000C9B08 /* OMData.swift */; };
		FE0F34EF1DF511FB00744328 /* OMExtension.swift in Sources */ = {isa = PBXBuildFile; fileRef = FE1EFA861DD43BAF0061926B /* OMExtension.swift */; };
		FE0F34F01DF511FB00744328 /* OMAlertController.swift in Sources */ = {isa = PBXBuildFile; fileRef = FEF83F321DCC1BAA000C9B08 /* OMAlertController.swift */; };
		FE0F34F11DF511FB00744328 /* OMDevice.swift in Sources */ = {isa = PBXBuildFile; fileRef = FEF83F351DCC1BAA000C9B08 /* OMDevice.swift */; };
		FE0F34F21DF511FB00744328 /* OMView.swift in Sources */ = {isa = PBXBuildFile; fileRef = FEF83F3F1DCC1BAA000C9B08 /* OMView.swift */; };
		FE0F34F31DF511FB00744328 /* OMDouble.swift in Sources */ = {isa = PBXBuildFile; fileRef = FEF83F291DCC1BAA000C9B08 /* OMDouble.swift */; };
		FE0F34F41DF511FB00744328 /* OMInt.swift in Sources */ = {isa = PBXBuildFile; fileRef = FEF83F2B1DCC1BAA000C9B08 /* OMInt.swift */; };
		FE0F34F51DF511FB00744328 /* OMScreen.swift in Sources */ = {isa = PBXBuildFile; fileRef = FEF83F3A1DCC1BAA000C9B08 /* OMScreen.swift */; };
		FE0F34F61DF511FB00744328 /* OMWebView.swift in Sources */ = {isa = PBXBuildFile; fileRef = FEC273E81DDEAAEF00D33030 /* OMWebView.swift */; };
		FE0F34F71DF511FB00744328 /* OMURLRequest.swift in Sources */ = {isa = PBXBuildFile; fileRef = FEF83F301DCC1BAA000C9B08 /* OMURLRequest.swift */; };
		FE0F34F81DF511FB00744328 /* OMBarButtonItem.swift in Sources */ = {isa = PBXBuildFile; fileRef = FEF949001DD3024700B5F1BC /* OMBarButtonItem.swift */; };
		FE0F34F91DF511FB00744328 /* OMNavigationBar.swift in Sources */ = {isa = PBXBuildFile; fileRef = FEF83F381DCC1BAA000C9B08 /* OMNavigationBar.swift */; };
		FE0F34FA1DF511FB00744328 /* OMThread.swift in Sources */ = {isa = PBXBuildFile; fileRef = FEF83F2E1DCC1BAA000C9B08 /* OMThread.swift */; };
		FE0F34FB1DF511FB00744328 /* OMApplication.swift in Sources */ = {isa = PBXBuildFile; fileRef = FEF83F331DCC1BAA000C9B08 /* OMApplication.swift */; };
		FE0F34FC1DF511FB00744328 /* OMTableView.swift in Sources */ = {isa = PBXBuildFile; fileRef = FEF83F3C1DCC1BAA000C9B08 /* OMTableView.swift */; };
		FE0F34FD1DF511FB00744328 /* OMTextView.swift in Sources */ = {isa = PBXBuildFile; fileRef = FEF83F3E1DCC1BAA000C9B08 /* OMTextView.swift */; };
		FE0F34FE1DF511FB00744328 /* OMFont.swift in Sources */ = {isa = PBXBuildFile; fileRef = FEF83F361DCC1BAA000C9B08 /* OMFont.swift */; };
		FE0F34FF1DF511FB00744328 /* OMTimer.swift in Sources */ = {isa = PBXBuildFile; fileRef = FEF83F2F1DCC1BAA000C9B08 /* OMTimer.swift */; };
		FE0F35001DF511FB00744328 /* OMFileManager.swift in Sources */ = {isa = PBXBuildFile; fileRef = FEF83F2A1DCC1BAA000C9B08 /* OMFileManager.swift */; };
		FE0F35011DF511FB00744328 /* OMBool.swift in Sources */ = {isa = PBXBuildFile; fileRef = FEF83F251DCC1BAA000C9B08 /* OMBool.swift */; };
		FE0F35041DF511FB00744328 /* OMExtension.h in Headers */ = {isa = PBXBuildFile; fileRef = FE8F90571D6EADCC0095D74B /* OMExtension.h */; settings = {ATTRIBUTES = (Public, ); }; };
		FE0F35101DF53A5200744328 /* OMViewController.swift in Sources */ = {isa = PBXBuildFile; fileRef = FEF83F401DCC1BAA000C9B08 /* OMViewController.swift */; };
		FE0F35111DF53A5200744328 /* OMTextField.swift in Sources */ = {isa = PBXBuildFile; fileRef = FEF83F3D1DCC1BAA000C9B08 /* OMTextField.swift */; };
		FE0F35121DF53A5200744328 /* OMString.swift in Sources */ = {isa = PBXBuildFile; fileRef = FEF83F2D1DCC1BAA000C9B08 /* OMString.swift */; };
		FE0F35131DF53A5200744328 /* OMArray.swift in Sources */ = {isa = PBXBuildFile; fileRef = FEF83F241DCC1BAA000C9B08 /* OMArray.swift */; };
		FE0F35141DF53A5200744328 /* OMButton.swift in Sources */ = {isa = PBXBuildFile; fileRef = FE28E6F41DD2BFC10009A2BE /* OMButton.swift */; };
		FE0F35151DF53A5200744328 /* OMDictionary.swift in Sources */ = {isa = PBXBuildFile; fileRef = FEF83F281DCC1BAA000C9B08 /* OMDictionary.swift */; };
		FE0F35161DF53A5200744328 /* OMImage.swift in Sources */ = {isa = PBXBuildFile; fileRef = FEF83F371DCC1BAA000C9B08 /* OMImage.swift */; };
		FE0F35171DF53A5200744328 /* OMColor.swift in Sources */ = {isa = PBXBuildFile; fileRef = FEF83F341DCC1BAA000C9B08 /* OMColor.swift */; };
		FE0F35181DF53A5200744328 /* OMRect.swift in Sources */ = {isa = PBXBuildFile; fileRef = FEF83F391DCC1BAA000C9B08 /* OMRect.swift */; };
		FE0F35191DF53A5200744328 /* OMDate.swift in Sources */ = {isa = PBXBuildFile; fileRef = FEF83F271DCC1BAA000C9B08 /* OMDate.swift */; };
		FE0F351A1DF53A5200744328 /* OMStoryboard.swift in Sources */ = {isa = PBXBuildFile; fileRef = FEF83F3B1DCC1BAA000C9B08 /* OMStoryboard.swift */; };
		FE0F351B1DF53A5200744328 /* OMObject.swift in Sources */ = {isa = PBXBuildFile; fileRef = FEF83F2C1DCC1BAA000C9B08 /* OMObject.swift */; };
		FE0F351C1DF53A5200744328 /* OMNavigationItem.swift in Sources */ = {isa = PBXBuildFile; fileRef = FE13E1BE1DDE9B77005FB3FC /* OMNavigationItem.swift */; };
		FE0F351D1DF53A5200744328 /* OMData.swift in Sources */ = {isa = PBXBuildFile; fileRef = FEF83F261DCC1BAA000C9B08 /* OMData.swift */; };
		FE0F351E1DF53A5200744328 /* OMExtension.swift in Sources */ = {isa = PBXBuildFile; fileRef = FE1EFA861DD43BAF0061926B /* OMExtension.swift */; };
		FE0F351F1DF53A5200744328 /* OMAlertController.swift in Sources */ = {isa = PBXBuildFile; fileRef = FEF83F321DCC1BAA000C9B08 /* OMAlertController.swift */; };
		FE0F35201DF53A5200744328 /* OMDevice.swift in Sources */ = {isa = PBXBuildFile; fileRef = FEF83F351DCC1BAA000C9B08 /* OMDevice.swift */; };
		FE0F35211DF53A5200744328 /* OMView.swift in Sources */ = {isa = PBXBuildFile; fileRef = FEF83F3F1DCC1BAA000C9B08 /* OMView.swift */; };
		FE0F35221DF53A5200744328 /* OMDouble.swift in Sources */ = {isa = PBXBuildFile; fileRef = FEF83F291DCC1BAA000C9B08 /* OMDouble.swift */; };
		FE0F35231DF53A5200744328 /* OMInt.swift in Sources */ = {isa = PBXBuildFile; fileRef = FEF83F2B1DCC1BAA000C9B08 /* OMInt.swift */; };
		FE0F35241DF53A5200744328 /* OMScreen.swift in Sources */ = {isa = PBXBuildFile; fileRef = FEF83F3A1DCC1BAA000C9B08 /* OMScreen.swift */; };
		FE0F35251DF53A5200744328 /* OMWebView.swift in Sources */ = {isa = PBXBuildFile; fileRef = FEC273E81DDEAAEF00D33030 /* OMWebView.swift */; };
		FE0F35261DF53A5200744328 /* OMURLRequest.swift in Sources */ = {isa = PBXBuildFile; fileRef = FEF83F301DCC1BAA000C9B08 /* OMURLRequest.swift */; };
		FE0F35271DF53A5200744328 /* OMBarButtonItem.swift in Sources */ = {isa = PBXBuildFile; fileRef = FEF949001DD3024700B5F1BC /* OMBarButtonItem.swift */; };
		FE0F35281DF53A5200744328 /* OMNavigationBar.swift in Sources */ = {isa = PBXBuildFile; fileRef = FEF83F381DCC1BAA000C9B08 /* OMNavigationBar.swift */; };
		FE0F35291DF53A5200744328 /* OMThread.swift in Sources */ = {isa = PBXBuildFile; fileRef = FEF83F2E1DCC1BAA000C9B08 /* OMThread.swift */; };
		FE0F352A1DF53A5200744328 /* OMApplication.swift in Sources */ = {isa = PBXBuildFile; fileRef = FEF83F331DCC1BAA000C9B08 /* OMApplication.swift */; };
		FE0F352B1DF53A5200744328 /* OMTableView.swift in Sources */ = {isa = PBXBuildFile; fileRef = FEF83F3C1DCC1BAA000C9B08 /* OMTableView.swift */; };
		FE0F352C1DF53A5200744328 /* OMTextView.swift in Sources */ = {isa = PBXBuildFile; fileRef = FEF83F3E1DCC1BAA000C9B08 /* OMTextView.swift */; };
		FE0F352D1DF53A5200744328 /* OMFont.swift in Sources */ = {isa = PBXBuildFile; fileRef = FEF83F361DCC1BAA000C9B08 /* OMFont.swift */; };
		FE0F352E1DF53A5200744328 /* OMTimer.swift in Sources */ = {isa = PBXBuildFile; fileRef = FEF83F2F1DCC1BAA000C9B08 /* OMTimer.swift */; };
		FE0F352F1DF53A5200744328 /* OMFileManager.swift in Sources */ = {isa = PBXBuildFile; fileRef = FEF83F2A1DCC1BAA000C9B08 /* OMFileManager.swift */; };
		FE0F35301DF53A5200744328 /* OMBool.swift in Sources */ = {isa = PBXBuildFile; fileRef = FEF83F251DCC1BAA000C9B08 /* OMBool.swift */; };
		FE0F35331DF53A5200744328 /* OMExtension.h in Headers */ = {isa = PBXBuildFile; fileRef = FE8F90571D6EADCC0095D74B /* OMExtension.h */; settings = {ATTRIBUTES = (Public, ); }; };
		FE13E1BF1DDE9B77005FB3FC /* OMNavigationItem.swift in Sources */ = {isa = PBXBuildFile; fileRef = FE13E1BE1DDE9B77005FB3FC /* OMNavigationItem.swift */; };
		FE1EFA871DD43BAF0061926B /* OMExtension.swift in Sources */ = {isa = PBXBuildFile; fileRef = FE1EFA861DD43BAF0061926B /* OMExtension.swift */; };
		FE28E6F51DD2BFC10009A2BE /* OMButton.swift in Sources */ = {isa = PBXBuildFile; fileRef = FE28E6F41DD2BFC10009A2BE /* OMButton.swift */; };
		FE8F90581D6EADCC0095D74B /* OMExtension.h in Headers */ = {isa = PBXBuildFile; fileRef = FE8F90571D6EADCC0095D74B /* OMExtension.h */; settings = {ATTRIBUTES = (Public, ); }; };
		FE8F905F1D6EADCC0095D74B /* OMExtension.framework in Frameworks */ = {isa = PBXBuildFile; fileRef = FE8F90541D6EADCC0095D74B /* OMExtension.framework */; };
		FE8F90641D6EADCC0095D74B /* OMExtensionTests.swift in Sources */ = {isa = PBXBuildFile; fileRef = FE8F90631D6EADCC0095D74B /* OMExtensionTests.swift */; };
		FEC273E91DDEAAEF00D33030 /* OMWebView.swift in Sources */ = {isa = PBXBuildFile; fileRef = FEC273E81DDEAAEF00D33030 /* OMWebView.swift */; };
		FEF83F411DCC1BAA000C9B08 /* OMArray.swift in Sources */ = {isa = PBXBuildFile; fileRef = FEF83F241DCC1BAA000C9B08 /* OMArray.swift */; };
		FEF83F421DCC1BAA000C9B08 /* OMBool.swift in Sources */ = {isa = PBXBuildFile; fileRef = FEF83F251DCC1BAA000C9B08 /* OMBool.swift */; };
		FEF83F431DCC1BAA000C9B08 /* OMData.swift in Sources */ = {isa = PBXBuildFile; fileRef = FEF83F261DCC1BAA000C9B08 /* OMData.swift */; };
		FEF83F441DCC1BAA000C9B08 /* OMDate.swift in Sources */ = {isa = PBXBuildFile; fileRef = FEF83F271DCC1BAA000C9B08 /* OMDate.swift */; };
		FEF83F451DCC1BAA000C9B08 /* OMDictionary.swift in Sources */ = {isa = PBXBuildFile; fileRef = FEF83F281DCC1BAA000C9B08 /* OMDictionary.swift */; };
		FEF83F461DCC1BAA000C9B08 /* OMDouble.swift in Sources */ = {isa = PBXBuildFile; fileRef = FEF83F291DCC1BAA000C9B08 /* OMDouble.swift */; };
		FEF83F471DCC1BAA000C9B08 /* OMFileManager.swift in Sources */ = {isa = PBXBuildFile; fileRef = FEF83F2A1DCC1BAA000C9B08 /* OMFileManager.swift */; };
		FEF83F481DCC1BAA000C9B08 /* OMInt.swift in Sources */ = {isa = PBXBuildFile; fileRef = FEF83F2B1DCC1BAA000C9B08 /* OMInt.swift */; };
		FEF83F491DCC1BAA000C9B08 /* OMObject.swift in Sources */ = {isa = PBXBuildFile; fileRef = FEF83F2C1DCC1BAA000C9B08 /* OMObject.swift */; };
		FEF83F4A1DCC1BAA000C9B08 /* OMString.swift in Sources */ = {isa = PBXBuildFile; fileRef = FEF83F2D1DCC1BAA000C9B08 /* OMString.swift */; };
		FEF83F4B1DCC1BAA000C9B08 /* OMThread.swift in Sources */ = {isa = PBXBuildFile; fileRef = FEF83F2E1DCC1BAA000C9B08 /* OMThread.swift */; };
		FEF83F4C1DCC1BAA000C9B08 /* OMTimer.swift in Sources */ = {isa = PBXBuildFile; fileRef = FEF83F2F1DCC1BAA000C9B08 /* OMTimer.swift */; };
		FEF83F4D1DCC1BAA000C9B08 /* OMURLRequest.swift in Sources */ = {isa = PBXBuildFile; fileRef = FEF83F301DCC1BAA000C9B08 /* OMURLRequest.swift */; };
		FEF83F4E1DCC1BAA000C9B08 /* OMAlertController.swift in Sources */ = {isa = PBXBuildFile; fileRef = FEF83F321DCC1BAA000C9B08 /* OMAlertController.swift */; };
		FEF83F4F1DCC1BAA000C9B08 /* OMApplication.swift in Sources */ = {isa = PBXBuildFile; fileRef = FEF83F331DCC1BAA000C9B08 /* OMApplication.swift */; };
		FEF83F501DCC1BAA000C9B08 /* OMColor.swift in Sources */ = {isa = PBXBuildFile; fileRef = FEF83F341DCC1BAA000C9B08 /* OMColor.swift */; };
		FEF83F511DCC1BAA000C9B08 /* OMDevice.swift in Sources */ = {isa = PBXBuildFile; fileRef = FEF83F351DCC1BAA000C9B08 /* OMDevice.swift */; };
		FEF83F521DCC1BAA000C9B08 /* OMFont.swift in Sources */ = {isa = PBXBuildFile; fileRef = FEF83F361DCC1BAA000C9B08 /* OMFont.swift */; };
		FEF83F531DCC1BAA000C9B08 /* OMImage.swift in Sources */ = {isa = PBXBuildFile; fileRef = FEF83F371DCC1BAA000C9B08 /* OMImage.swift */; };
		FEF83F541DCC1BAA000C9B08 /* OMNavigationBar.swift in Sources */ = {isa = PBXBuildFile; fileRef = FEF83F381DCC1BAA000C9B08 /* OMNavigationBar.swift */; };
		FEF83F551DCC1BAA000C9B08 /* OMRect.swift in Sources */ = {isa = PBXBuildFile; fileRef = FEF83F391DCC1BAA000C9B08 /* OMRect.swift */; };
		FEF83F561DCC1BAA000C9B08 /* OMScreen.swift in Sources */ = {isa = PBXBuildFile; fileRef = FEF83F3A1DCC1BAA000C9B08 /* OMScreen.swift */; };
		FEF83F571DCC1BAA000C9B08 /* OMStoryboard.swift in Sources */ = {isa = PBXBuildFile; fileRef = FEF83F3B1DCC1BAA000C9B08 /* OMStoryboard.swift */; };
		FEF83F581DCC1BAA000C9B08 /* OMTableView.swift in Sources */ = {isa = PBXBuildFile; fileRef = FEF83F3C1DCC1BAA000C9B08 /* OMTableView.swift */; };
		FEF83F591DCC1BAA000C9B08 /* OMTextField.swift in Sources */ = {isa = PBXBuildFile; fileRef = FEF83F3D1DCC1BAA000C9B08 /* OMTextField.swift */; };
		FEF83F5A1DCC1BAA000C9B08 /* OMTextView.swift in Sources */ = {isa = PBXBuildFile; fileRef = FEF83F3E1DCC1BAA000C9B08 /* OMTextView.swift */; };
		FEF83F5B1DCC1BAA000C9B08 /* OMView.swift in Sources */ = {isa = PBXBuildFile; fileRef = FEF83F3F1DCC1BAA000C9B08 /* OMView.swift */; };
		FEF83F5C1DCC1BAA000C9B08 /* OMViewController.swift in Sources */ = {isa = PBXBuildFile; fileRef = FEF83F401DCC1BAA000C9B08 /* OMViewController.swift */; };
		FEF949011DD3024700B5F1BC /* OMBarButtonItem.swift in Sources */ = {isa = PBXBuildFile; fileRef = FEF949001DD3024700B5F1BC /* OMBarButtonItem.swift */; };
/* End PBXBuildFile section */

/* Begin PBXContainerItemProxy section */
		FE8F90601D6EADCC0095D74B /* PBXContainerItemProxy */ = {
			isa = PBXContainerItemProxy;
			containerPortal = FE8F904B1D6EADCC0095D74B /* Project object */;
			proxyType = 1;
			remoteGlobalIDString = FE8F90531D6EADCC0095D74B;
			remoteInfo = OMExtension;
		};
/* End PBXContainerItemProxy section */

/* Begin PBXFileReference section */
		FE0F340B1DF5066200744328 /* OMExtension.framework */ = {isa = PBXFileReference; explicitFileType = wrapper.framework; includeInIndex = 0; path = OMExtension.framework; sourceTree = BUILT_PRODUCTS_DIR; };
		FE0F35091DF511FB00744328 /* OMExtension.framework */ = {isa = PBXFileReference; explicitFileType = wrapper.framework; includeInIndex = 0; path = OMExtension.framework; sourceTree = BUILT_PRODUCTS_DIR; };
		FE0F35381DF53A5200744328 /* OMExtension.framework */ = {isa = PBXFileReference; explicitFileType = wrapper.framework; includeInIndex = 0; path = OMExtension.framework; sourceTree = BUILT_PRODUCTS_DIR; };
		FE13E1BE1DDE9B77005FB3FC /* OMNavigationItem.swift */ = {isa = PBXFileReference; fileEncoding = 4; lastKnownFileType = sourcecode.swift; path = OMNavigationItem.swift; sourceTree = "<group>"; };
		FE1EFA861DD43BAF0061926B /* OMExtension.swift */ = {isa = PBXFileReference; fileEncoding = 4; lastKnownFileType = sourcecode.swift; path = OMExtension.swift; sourceTree = "<group>"; };
		FE28E6F41DD2BFC10009A2BE /* OMButton.swift */ = {isa = PBXFileReference; fileEncoding = 4; lastKnownFileType = sourcecode.swift; path = OMButton.swift; sourceTree = "<group>"; };
		FE8F90541D6EADCC0095D74B /* OMExtension.framework */ = {isa = PBXFileReference; explicitFileType = wrapper.framework; includeInIndex = 0; path = OMExtension.framework; sourceTree = BUILT_PRODUCTS_DIR; };
		FE8F90571D6EADCC0095D74B /* OMExtension.h */ = {isa = PBXFileReference; lastKnownFileType = sourcecode.c.h; path = OMExtension.h; sourceTree = "<group>"; };
		FE8F90591D6EADCC0095D74B /* Info.plist */ = {isa = PBXFileReference; lastKnownFileType = text.plist.xml; path = Info.plist; sourceTree = "<group>"; };
		FE8F905E1D6EADCC0095D74B /* OMExtensionTests.xctest */ = {isa = PBXFileReference; explicitFileType = wrapper.cfbundle; includeInIndex = 0; path = OMExtensionTests.xctest; sourceTree = BUILT_PRODUCTS_DIR; };
		FE8F90631D6EADCC0095D74B /* OMExtensionTests.swift */ = {isa = PBXFileReference; lastKnownFileType = sourcecode.swift; path = OMExtensionTests.swift; sourceTree = "<group>"; };
		FE8F90651D6EADCC0095D74B /* Info.plist */ = {isa = PBXFileReference; lastKnownFileType = text.plist.xml; path = Info.plist; sourceTree = "<group>"; };
		FEC273E81DDEAAEF00D33030 /* OMWebView.swift */ = {isa = PBXFileReference; fileEncoding = 4; lastKnownFileType = sourcecode.swift; path = OMWebView.swift; sourceTree = "<group>"; };
		FEF83F241DCC1BAA000C9B08 /* OMArray.swift */ = {isa = PBXFileReference; fileEncoding = 4; lastKnownFileType = sourcecode.swift; path = OMArray.swift; sourceTree = "<group>"; };
		FEF83F251DCC1BAA000C9B08 /* OMBool.swift */ = {isa = PBXFileReference; fileEncoding = 4; lastKnownFileType = sourcecode.swift; path = OMBool.swift; sourceTree = "<group>"; };
		FEF83F261DCC1BAA000C9B08 /* OMData.swift */ = {isa = PBXFileReference; fileEncoding = 4; lastKnownFileType = sourcecode.swift; path = OMData.swift; sourceTree = "<group>"; };
		FEF83F271DCC1BAA000C9B08 /* OMDate.swift */ = {isa = PBXFileReference; fileEncoding = 4; lastKnownFileType = sourcecode.swift; path = OMDate.swift; sourceTree = "<group>"; };
		FEF83F281DCC1BAA000C9B08 /* OMDictionary.swift */ = {isa = PBXFileReference; fileEncoding = 4; lastKnownFileType = sourcecode.swift; path = OMDictionary.swift; sourceTree = "<group>"; };
		FEF83F291DCC1BAA000C9B08 /* OMDouble.swift */ = {isa = PBXFileReference; fileEncoding = 4; lastKnownFileType = sourcecode.swift; path = OMDouble.swift; sourceTree = "<group>"; };
		FEF83F2A1DCC1BAA000C9B08 /* OMFileManager.swift */ = {isa = PBXFileReference; fileEncoding = 4; lastKnownFileType = sourcecode.swift; path = OMFileManager.swift; sourceTree = "<group>"; };
		FEF83F2B1DCC1BAA000C9B08 /* OMInt.swift */ = {isa = PBXFileReference; fileEncoding = 4; lastKnownFileType = sourcecode.swift; path = OMInt.swift; sourceTree = "<group>"; };
		FEF83F2C1DCC1BAA000C9B08 /* OMObject.swift */ = {isa = PBXFileReference; fileEncoding = 4; lastKnownFileType = sourcecode.swift; path = OMObject.swift; sourceTree = "<group>"; };
		FEF83F2D1DCC1BAA000C9B08 /* OMString.swift */ = {isa = PBXFileReference; fileEncoding = 4; lastKnownFileType = sourcecode.swift; path = OMString.swift; sourceTree = "<group>"; };
		FEF83F2E1DCC1BAA000C9B08 /* OMThread.swift */ = {isa = PBXFileReference; fileEncoding = 4; lastKnownFileType = sourcecode.swift; path = OMThread.swift; sourceTree = "<group>"; };
		FEF83F2F1DCC1BAA000C9B08 /* OMTimer.swift */ = {isa = PBXFileReference; fileEncoding = 4; lastKnownFileType = sourcecode.swift; path = OMTimer.swift; sourceTree = "<group>"; };
		FEF83F301DCC1BAA000C9B08 /* OMURLRequest.swift */ = {isa = PBXFileReference; fileEncoding = 4; lastKnownFileType = sourcecode.swift; path = OMURLRequest.swift; sourceTree = "<group>"; };
		FEF83F321DCC1BAA000C9B08 /* OMAlertController.swift */ = {isa = PBXFileReference; fileEncoding = 4; lastKnownFileType = sourcecode.swift; path = OMAlertController.swift; sourceTree = "<group>"; };
		FEF83F331DCC1BAA000C9B08 /* OMApplication.swift */ = {isa = PBXFileReference; fileEncoding = 4; lastKnownFileType = sourcecode.swift; path = OMApplication.swift; sourceTree = "<group>"; };
		FEF83F341DCC1BAA000C9B08 /* OMColor.swift */ = {isa = PBXFileReference; fileEncoding = 4; lastKnownFileType = sourcecode.swift; path = OMColor.swift; sourceTree = "<group>"; };
		FEF83F351DCC1BAA000C9B08 /* OMDevice.swift */ = {isa = PBXFileReference; fileEncoding = 4; lastKnownFileType = sourcecode.swift; path = OMDevice.swift; sourceTree = "<group>"; };
		FEF83F361DCC1BAA000C9B08 /* OMFont.swift */ = {isa = PBXFileReference; fileEncoding = 4; lastKnownFileType = sourcecode.swift; path = OMFont.swift; sourceTree = "<group>"; };
		FEF83F371DCC1BAA000C9B08 /* OMImage.swift */ = {isa = PBXFileReference; fileEncoding = 4; lastKnownFileType = sourcecode.swift; path = OMImage.swift; sourceTree = "<group>"; };
		FEF83F381DCC1BAA000C9B08 /* OMNavigationBar.swift */ = {isa = PBXFileReference; fileEncoding = 4; lastKnownFileType = sourcecode.swift; path = OMNavigationBar.swift; sourceTree = "<group>"; };
		FEF83F391DCC1BAA000C9B08 /* OMRect.swift */ = {isa = PBXFileReference; fileEncoding = 4; lastKnownFileType = sourcecode.swift; path = OMRect.swift; sourceTree = "<group>"; };
		FEF83F3A1DCC1BAA000C9B08 /* OMScreen.swift */ = {isa = PBXFileReference; fileEncoding = 4; lastKnownFileType = sourcecode.swift; path = OMScreen.swift; sourceTree = "<group>"; };
		FEF83F3B1DCC1BAA000C9B08 /* OMStoryboard.swift */ = {isa = PBXFileReference; fileEncoding = 4; lastKnownFileType = sourcecode.swift; path = OMStoryboard.swift; sourceTree = "<group>"; };
		FEF83F3C1DCC1BAA000C9B08 /* OMTableView.swift */ = {isa = PBXFileReference; fileEncoding = 4; lastKnownFileType = sourcecode.swift; path = OMTableView.swift; sourceTree = "<group>"; };
		FEF83F3D1DCC1BAA000C9B08 /* OMTextField.swift */ = {isa = PBXFileReference; fileEncoding = 4; lastKnownFileType = sourcecode.swift; path = OMTextField.swift; sourceTree = "<group>"; };
		FEF83F3E1DCC1BAA000C9B08 /* OMTextView.swift */ = {isa = PBXFileReference; fileEncoding = 4; lastKnownFileType = sourcecode.swift; path = OMTextView.swift; sourceTree = "<group>"; };
		FEF83F3F1DCC1BAA000C9B08 /* OMView.swift */ = {isa = PBXFileReference; fileEncoding = 4; lastKnownFileType = sourcecode.swift; path = OMView.swift; sourceTree = "<group>"; };
		FEF83F401DCC1BAA000C9B08 /* OMViewController.swift */ = {isa = PBXFileReference; fileEncoding = 4; lastKnownFileType = sourcecode.swift; path = OMViewController.swift; sourceTree = "<group>"; };
		FEF949001DD3024700B5F1BC /* OMBarButtonItem.swift */ = {isa = PBXFileReference; fileEncoding = 4; lastKnownFileType = sourcecode.swift; path = OMBarButtonItem.swift; sourceTree = "<group>"; };
/* End PBXFileReference section */

/* Begin PBXFrameworksBuildPhase section */
		FE0F34041DF5066200744328 /* Frameworks */ = {
			isa = PBXFrameworksBuildPhase;
			buildActionMask = 2147483647;
			files = (
			);
			runOnlyForDeploymentPostprocessing = 0;
		};
		FE0F35021DF511FB00744328 /* Frameworks */ = {
			isa = PBXFrameworksBuildPhase;
			buildActionMask = 2147483647;
			files = (
			);
			runOnlyForDeploymentPostprocessing = 0;
		};
		FE0F35311DF53A5200744328 /* Frameworks */ = {
			isa = PBXFrameworksBuildPhase;
			buildActionMask = 2147483647;
			files = (
			);
			runOnlyForDeploymentPostprocessing = 0;
		};
		FE8F90501D6EADCC0095D74B /* Frameworks */ = {
			isa = PBXFrameworksBuildPhase;
			buildActionMask = 2147483647;
			files = (
			);
			runOnlyForDeploymentPostprocessing = 0;
		};
		FE8F905B1D6EADCC0095D74B /* Frameworks */ = {
			isa = PBXFrameworksBuildPhase;
			buildActionMask = 2147483647;
			files = (
				FE8F905F1D6EADCC0095D74B /* OMExtension.framework in Frameworks */,
			);
			runOnlyForDeploymentPostprocessing = 0;
		};
/* End PBXFrameworksBuildPhase section */

/* Begin PBXGroup section */
		FE8F904A1D6EADCC0095D74B = {
			isa = PBXGroup;
			children = (
				FE8F90561D6EADCC0095D74B /* OMExtension */,
				FE8F90621D6EADCC0095D74B /* OMExtensionTests */,
				FE8F90551D6EADCC0095D74B /* Products */,
			);
			sourceTree = "<group>";
		};
		FE8F90551D6EADCC0095D74B /* Products */ = {
			isa = PBXGroup;
			children = (
				FE8F90541D6EADCC0095D74B /* OMExtension.framework */,
				FE8F905E1D6EADCC0095D74B /* OMExtensionTests.xctest */,
				FE0F340B1DF5066200744328 /* OMExtension.framework */,
				FE0F35091DF511FB00744328 /* OMExtension.framework */,
				FE0F35381DF53A5200744328 /* OMExtension.framework */,
			);
			name = Products;
			sourceTree = "<group>";
		};
		FE8F90561D6EADCC0095D74B /* OMExtension */ = {
			isa = PBXGroup;
			children = (
				FE8F90591D6EADCC0095D74B /* Info.plist */,
				FE8F90571D6EADCC0095D74B /* OMExtension.h */,
				FEF83F221DCC1BAA000C9B08 /* Source */,
			);
			path = OMExtension;
			sourceTree = "<group>";
		};
		FE8F90621D6EADCC0095D74B /* OMExtensionTests */ = {
			isa = PBXGroup;
			children = (
				FE8F90631D6EADCC0095D74B /* OMExtensionTests.swift */,
				FE8F90651D6EADCC0095D74B /* Info.plist */,
			);
			path = OMExtensionTests;
			sourceTree = "<group>";
		};
		FEF83F221DCC1BAA000C9B08 /* Source */ = {
			isa = PBXGroup;
			children = (
				FE1EFA861DD43BAF0061926B /* OMExtension.swift */,
				FEF83F231DCC1BAA000C9B08 /* Foundation */,
				FEF83F311DCC1BAA000C9B08 /* UIKit */,
			);
			path = Source;
			sourceTree = "<group>";
		};
		FEF83F231DCC1BAA000C9B08 /* Foundation */ = {
			isa = PBXGroup;
			children = (
				FEF83F241DCC1BAA000C9B08 /* OMArray.swift */,
				FEF83F251DCC1BAA000C9B08 /* OMBool.swift */,
				FEF83F261DCC1BAA000C9B08 /* OMData.swift */,
				FEF83F271DCC1BAA000C9B08 /* OMDate.swift */,
				FEF83F281DCC1BAA000C9B08 /* OMDictionary.swift */,
				FEF83F291DCC1BAA000C9B08 /* OMDouble.swift */,
				FEF83F2A1DCC1BAA000C9B08 /* OMFileManager.swift */,
				FEF83F2B1DCC1BAA000C9B08 /* OMInt.swift */,
				FEF83F2C1DCC1BAA000C9B08 /* OMObject.swift */,
				FEF83F2D1DCC1BAA000C9B08 /* OMString.swift */,
				FEF83F2E1DCC1BAA000C9B08 /* OMThread.swift */,
				FEF83F2F1DCC1BAA000C9B08 /* OMTimer.swift */,
				FEF83F301DCC1BAA000C9B08 /* OMURLRequest.swift */,
			);
			path = Foundation;
			sourceTree = "<group>";
		};
		FEF83F311DCC1BAA000C9B08 /* UIKit */ = {
			isa = PBXGroup;
			children = (
				FEF83F321DCC1BAA000C9B08 /* OMAlertController.swift */,
				FEF83F331DCC1BAA000C9B08 /* OMApplication.swift */,
				FEF949001DD3024700B5F1BC /* OMBarButtonItem.swift */,
				FE28E6F41DD2BFC10009A2BE /* OMButton.swift */,
				FEF83F341DCC1BAA000C9B08 /* OMColor.swift */,
				FEF83F351DCC1BAA000C9B08 /* OMDevice.swift */,
				FEF83F361DCC1BAA000C9B08 /* OMFont.swift */,
				FEF83F371DCC1BAA000C9B08 /* OMImage.swift */,
				FEF83F381DCC1BAA000C9B08 /* OMNavigationBar.swift */,
				FE13E1BE1DDE9B77005FB3FC /* OMNavigationItem.swift */,
				FEF83F391DCC1BAA000C9B08 /* OMRect.swift */,
				FEF83F3A1DCC1BAA000C9B08 /* OMScreen.swift */,
				FEF83F3B1DCC1BAA000C9B08 /* OMStoryboard.swift */,
				FEF83F3C1DCC1BAA000C9B08 /* OMTableView.swift */,
				FEF83F3D1DCC1BAA000C9B08 /* OMTextField.swift */,
				FEF83F3E1DCC1BAA000C9B08 /* OMTextView.swift */,
				FEF83F3F1DCC1BAA000C9B08 /* OMView.swift */,
				FEF83F401DCC1BAA000C9B08 /* OMViewController.swift */,
				FEC273E81DDEAAEF00D33030 /* OMWebView.swift */,
			);
			path = UIKit;
			sourceTree = "<group>";
		};
/* End PBXGroup section */

/* Begin PBXHeadersBuildPhase section */
		FE0F34051DF5066200744328 /* Headers */ = {
			isa = PBXHeadersBuildPhase;
			buildActionMask = 2147483647;
			files = (
				FE0F34061DF5066200744328 /* OMExtension.h in Headers */,
			);
			runOnlyForDeploymentPostprocessing = 0;
		};
		FE0F35031DF511FB00744328 /* Headers */ = {
			isa = PBXHeadersBuildPhase;
			buildActionMask = 2147483647;
			files = (
				FE0F35041DF511FB00744328 /* OMExtension.h in Headers */,
			);
			runOnlyForDeploymentPostprocessing = 0;
		};
		FE0F35321DF53A5200744328 /* Headers */ = {
			isa = PBXHeadersBuildPhase;
			buildActionMask = 2147483647;
			files = (
				FE0F35331DF53A5200744328 /* OMExtension.h in Headers */,
			);
			runOnlyForDeploymentPostprocessing = 0;
		};
		FE8F90511D6EADCC0095D74B /* Headers */ = {
			isa = PBXHeadersBuildPhase;
			buildActionMask = 2147483647;
			files = (
				FE8F90581D6EADCC0095D74B /* OMExtension.h in Headers */,
			);
			runOnlyForDeploymentPostprocessing = 0;
		};
/* End PBXHeadersBuildPhase section */

/* Begin PBXNativeTarget section */
		FE0F33E11DF5066200744328 /* OMExtension macOS */ = {
			isa = PBXNativeTarget;
			buildConfigurationList = FE0F34081DF5066200744328 /* Build configuration list for PBXNativeTarget "OMExtension macOS" */;
			buildPhases = (
				FE0F33E21DF5066200744328 /* Sources */,
				FE0F34041DF5066200744328 /* Frameworks */,
				FE0F34051DF5066200744328 /* Headers */,
				FE0F34071DF5066200744328 /* Resources */,
			);
			buildRules = (
			);
			dependencies = (
			);
			name = "OMExtension macOS";
			productName = OMExtension;
			productReference = FE0F340B1DF5066200744328 /* OMExtension.framework */;
			productType = "com.apple.product-type.framework";
		};
		FE0F34DF1DF511FB00744328 /* OMExtension tvOS */ = {
			isa = PBXNativeTarget;
			buildConfigurationList = FE0F35061DF511FB00744328 /* Build configuration list for PBXNativeTarget "OMExtension tvOS" */;
			buildPhases = (
				FE0F34E01DF511FB00744328 /* Sources */,
				FE0F35021DF511FB00744328 /* Frameworks */,
				FE0F35031DF511FB00744328 /* Headers */,
				FE0F35051DF511FB00744328 /* Resources */,
			);
			buildRules = (
			);
			dependencies = (
			);
			name = "OMExtension tvOS";
			productName = OMExtension;
			productReference = FE0F35091DF511FB00744328 /* OMExtension.framework */;
			productType = "com.apple.product-type.framework";
		};
		FE0F350E1DF53A5200744328 /* OMExtension watchOS */ = {
			isa = PBXNativeTarget;
			buildConfigurationList = FE0F35351DF53A5200744328 /* Build configuration list for PBXNativeTarget "OMExtension watchOS" */;
			buildPhases = (
				FE0F350F1DF53A5200744328 /* Sources */,
				FE0F35311DF53A5200744328 /* Frameworks */,
				FE0F35321DF53A5200744328 /* Headers */,
				FE0F35341DF53A5200744328 /* Resources */,
			);
			buildRules = (
			);
			dependencies = (
			);
			name = "OMExtension watchOS";
			productName = OMExtension;
			productReference = FE0F35381DF53A5200744328 /* OMExtension.framework */;
			productType = "com.apple.product-type.framework";
		};
		FE8F90531D6EADCC0095D74B /* OMExtension iOS */ = {
			isa = PBXNativeTarget;
			buildConfigurationList = FE8F90681D6EADCC0095D74B /* Build configuration list for PBXNativeTarget "OMExtension iOS" */;
			buildPhases = (
				FE8F904F1D6EADCC0095D74B /* Sources */,
				FE8F90501D6EADCC0095D74B /* Frameworks */,
				FE8F90511D6EADCC0095D74B /* Headers */,
				FE8F90521D6EADCC0095D74B /* Resources */,
			);
			buildRules = (
			);
			dependencies = (
			);
			name = "OMExtension iOS";
			productName = OMExtension;
			productReference = FE8F90541D6EADCC0095D74B /* OMExtension.framework */;
			productType = "com.apple.product-type.framework";
		};
		FE8F905D1D6EADCC0095D74B /* OMExtensionTests */ = {
			isa = PBXNativeTarget;
			buildConfigurationList = FE8F906B1D6EADCC0095D74B /* Build configuration list for PBXNativeTarget "OMExtensionTests" */;
			buildPhases = (
				FE8F905A1D6EADCC0095D74B /* Sources */,
				FE8F905B1D6EADCC0095D74B /* Frameworks */,
				FE8F905C1D6EADCC0095D74B /* Resources */,
			);
			buildRules = (
			);
			dependencies = (
				FE8F90611D6EADCC0095D74B /* PBXTargetDependency */,
			);
			name = OMExtensionTests;
			productName = OMExtensionTests;
			productReference = FE8F905E1D6EADCC0095D74B /* OMExtensionTests.xctest */;
			productType = "com.apple.product-type.bundle.unit-test";
		};
/* End PBXNativeTarget section */

/* Begin PBXProject section */
		FE8F904B1D6EADCC0095D74B /* Project object */ = {
			isa = PBXProject;
			attributes = {
				LastSwiftUpdateCheck = 0730;
				LastUpgradeCheck = 0810;
				ORGANIZATIONNAME = OctMon;
				TargetAttributes = {
					FE0F33E11DF5066200744328 = {
						ProvisioningStyle = Automatic;
					};
					FE8F90531D6EADCC0095D74B = {
						CreatedOnToolsVersion = 7.3.1;
						LastSwiftMigration = 0800;
						ProvisioningStyle = Automatic;
					};
					FE8F905D1D6EADCC0095D74B = {
						CreatedOnToolsVersion = 7.3.1;
						LastSwiftMigration = 0800;
					};
				};
			};
			buildConfigurationList = FE8F904E1D6EADCC0095D74B /* Build configuration list for PBXProject "OMExtension" */;
			compatibilityVersion = "Xcode 3.2";
			developmentRegion = English;
			hasScannedForEncodings = 0;
			knownRegions = (
				en,
			);
			mainGroup = FE8F904A1D6EADCC0095D74B;
			productRefGroup = FE8F90551D6EADCC0095D74B /* Products */;
			projectDirPath = "";
			projectRoot = "";
			targets = (
				FE8F90531D6EADCC0095D74B /* OMExtension iOS */,
				FE0F34DF1DF511FB00744328 /* OMExtension tvOS */,
				FE0F350E1DF53A5200744328 /* OMExtension watchOS */,
				FE0F33E11DF5066200744328 /* OMExtension macOS */,
				FE8F905D1D6EADCC0095D74B /* OMExtensionTests */,
			);
		};
/* End PBXProject section */

/* Begin PBXResourcesBuildPhase section */
		FE0F34071DF5066200744328 /* Resources */ = {
			isa = PBXResourcesBuildPhase;
			buildActionMask = 2147483647;
			files = (
			);
			runOnlyForDeploymentPostprocessing = 0;
		};
		FE0F35051DF511FB00744328 /* Resources */ = {
			isa = PBXResourcesBuildPhase;
			buildActionMask = 2147483647;
			files = (
			);
			runOnlyForDeploymentPostprocessing = 0;
		};
		FE0F35341DF53A5200744328 /* Resources */ = {
			isa = PBXResourcesBuildPhase;
			buildActionMask = 2147483647;
			files = (
			);
			runOnlyForDeploymentPostprocessing = 0;
		};
		FE8F90521D6EADCC0095D74B /* Resources */ = {
			isa = PBXResourcesBuildPhase;
			buildActionMask = 2147483647;
			files = (
			);
			runOnlyForDeploymentPostprocessing = 0;
		};
		FE8F905C1D6EADCC0095D74B /* Resources */ = {
			isa = PBXResourcesBuildPhase;
			buildActionMask = 2147483647;
			files = (
			);
			runOnlyForDeploymentPostprocessing = 0;
		};
/* End PBXResourcesBuildPhase section */

/* Begin PBXSourcesBuildPhase section */
		FE0F33E21DF5066200744328 /* Sources */ = {
			isa = PBXSourcesBuildPhase;
			buildActionMask = 2147483647;
			files = (
				FE0F33E31DF5066200744328 /* OMViewController.swift in Sources */,
				FE0F33E41DF5066200744328 /* OMTextField.swift in Sources */,
				FE0F33E51DF5066200744328 /* OMString.swift in Sources */,
				FE0F33E61DF5066200744328 /* OMArray.swift in Sources */,
				FE0F33E71DF5066200744328 /* OMButton.swift in Sources */,
				FE0F33E81DF5066200744328 /* OMDictionary.swift in Sources */,
				FE0F33E91DF5066200744328 /* OMImage.swift in Sources */,
				FE0F33EA1DF5066200744328 /* OMColor.swift in Sources */,
				FE0F33EB1DF5066200744328 /* OMRect.swift in Sources */,
				FE0F33EC1DF5066200744328 /* OMDate.swift in Sources */,
				FE0F33ED1DF5066200744328 /* OMStoryboard.swift in Sources */,
				FE0F33EE1DF5066200744328 /* OMObject.swift in Sources */,
				FE0F33EF1DF5066200744328 /* OMNavigationItem.swift in Sources */,
				FE0F33F01DF5066200744328 /* OMData.swift in Sources */,
				FE0F33F11DF5066200744328 /* OMExtension.swift in Sources */,
				FE0F33F21DF5066200744328 /* OMAlertController.swift in Sources */,
				FE0F33F31DF5066200744328 /* OMDevice.swift in Sources */,
				FE0F33F41DF5066200744328 /* OMView.swift in Sources */,
				FE0F33F51DF5066200744328 /* OMDouble.swift in Sources */,
				FE0F33F61DF5066200744328 /* OMInt.swift in Sources */,
				FE0F33F71DF5066200744328 /* OMScreen.swift in Sources */,
				FE0F33F81DF5066200744328 /* OMWebView.swift in Sources */,
				FE0F33F91DF5066200744328 /* OMURLRequest.swift in Sources */,
				FE0F33FA1DF5066200744328 /* OMBarButtonItem.swift in Sources */,
				FE0F33FB1DF5066200744328 /* OMNavigationBar.swift in Sources */,
				FE0F33FC1DF5066200744328 /* OMThread.swift in Sources */,
				FE0F33FD1DF5066200744328 /* OMApplication.swift in Sources */,
				FE0F33FE1DF5066200744328 /* OMTableView.swift in Sources */,
				FE0F33FF1DF5066200744328 /* OMTextView.swift in Sources */,
				FE0F34001DF5066200744328 /* OMFont.swift in Sources */,
				FE0F34011DF5066200744328 /* OMTimer.swift in Sources */,
				FE0F34021DF5066200744328 /* OMFileManager.swift in Sources */,
				FE0F34031DF5066200744328 /* OMBool.swift in Sources */,
			);
			runOnlyForDeploymentPostprocessing = 0;
		};
		FE0F34E01DF511FB00744328 /* Sources */ = {
			isa = PBXSourcesBuildPhase;
			buildActionMask = 2147483647;
			files = (
				FE0F34E11DF511FB00744328 /* OMViewController.swift in Sources */,
				FE0F34E21DF511FB00744328 /* OMTextField.swift in Sources */,
				FE0F34E31DF511FB00744328 /* OMString.swift in Sources */,
				FE0F34E41DF511FB00744328 /* OMArray.swift in Sources */,
				FE0F34E51DF511FB00744328 /* OMButton.swift in Sources */,
				FE0F34E61DF511FB00744328 /* OMDictionary.swift in Sources */,
				FE0F34E71DF511FB00744328 /* OMImage.swift in Sources */,
				FE0F34E81DF511FB00744328 /* OMColor.swift in Sources */,
				FE0F34E91DF511FB00744328 /* OMRect.swift in Sources */,
				FE0F34EA1DF511FB00744328 /* OMDate.swift in Sources */,
				FE0F34EB1DF511FB00744328 /* OMStoryboard.swift in Sources */,
				FE0F34EC1DF511FB00744328 /* OMObject.swift in Sources */,
				FE0F34ED1DF511FB00744328 /* OMNavigationItem.swift in Sources */,
				FE0F34EE1DF511FB00744328 /* OMData.swift in Sources */,
				FE0F34EF1DF511FB00744328 /* OMExtension.swift in Sources */,
				FE0F34F01DF511FB00744328 /* OMAlertController.swift in Sources */,
				FE0F34F11DF511FB00744328 /* OMDevice.swift in Sources */,
				FE0F34F21DF511FB00744328 /* OMView.swift in Sources */,
				FE0F34F31DF511FB00744328 /* OMDouble.swift in Sources */,
				FE0F34F41DF511FB00744328 /* OMInt.swift in Sources */,
				FE0F34F51DF511FB00744328 /* OMScreen.swift in Sources */,
				FE0F34F61DF511FB00744328 /* OMWebView.swift in Sources */,
				FE0F34F71DF511FB00744328 /* OMURLRequest.swift in Sources */,
				FE0F34F81DF511FB00744328 /* OMBarButtonItem.swift in Sources */,
				FE0F34F91DF511FB00744328 /* OMNavigationBar.swift in Sources */,
				FE0F34FA1DF511FB00744328 /* OMThread.swift in Sources */,
				FE0F34FB1DF511FB00744328 /* OMApplication.swift in Sources */,
				FE0F34FC1DF511FB00744328 /* OMTableView.swift in Sources */,
				FE0F34FD1DF511FB00744328 /* OMTextView.swift in Sources */,
				FE0F34FE1DF511FB00744328 /* OMFont.swift in Sources */,
				FE0F34FF1DF511FB00744328 /* OMTimer.swift in Sources */,
				FE0F35001DF511FB00744328 /* OMFileManager.swift in Sources */,
				FE0F35011DF511FB00744328 /* OMBool.swift in Sources */,
			);
			runOnlyForDeploymentPostprocessing = 0;
		};
		FE0F350F1DF53A5200744328 /* Sources */ = {
			isa = PBXSourcesBuildPhase;
			buildActionMask = 2147483647;
			files = (
				FE0F35101DF53A5200744328 /* OMViewController.swift in Sources */,
				FE0F35111DF53A5200744328 /* OMTextField.swift in Sources */,
				FE0F35121DF53A5200744328 /* OMString.swift in Sources */,
				FE0F35131DF53A5200744328 /* OMArray.swift in Sources */,
				FE0F35141DF53A5200744328 /* OMButton.swift in Sources */,
				FE0F35151DF53A5200744328 /* OMDictionary.swift in Sources */,
				FE0F35161DF53A5200744328 /* OMImage.swift in Sources */,
				FE0F35171DF53A5200744328 /* OMColor.swift in Sources */,
				FE0F35181DF53A5200744328 /* OMRect.swift in Sources */,
				FE0F35191DF53A5200744328 /* OMDate.swift in Sources */,
				FE0F351A1DF53A5200744328 /* OMStoryboard.swift in Sources */,
				FE0F351B1DF53A5200744328 /* OMObject.swift in Sources */,
				FE0F351C1DF53A5200744328 /* OMNavigationItem.swift in Sources */,
				FE0F351D1DF53A5200744328 /* OMData.swift in Sources */,
				FE0F351E1DF53A5200744328 /* OMExtension.swift in Sources */,
				FE0F351F1DF53A5200744328 /* OMAlertController.swift in Sources */,
				FE0F35201DF53A5200744328 /* OMDevice.swift in Sources */,
				FE0F35211DF53A5200744328 /* OMView.swift in Sources */,
				FE0F35221DF53A5200744328 /* OMDouble.swift in Sources */,
				FE0F35231DF53A5200744328 /* OMInt.swift in Sources */,
				FE0F35241DF53A5200744328 /* OMScreen.swift in Sources */,
				FE0F35251DF53A5200744328 /* OMWebView.swift in Sources */,
				FE0F35261DF53A5200744328 /* OMURLRequest.swift in Sources */,
				FE0F35271DF53A5200744328 /* OMBarButtonItem.swift in Sources */,
				FE0F35281DF53A5200744328 /* OMNavigationBar.swift in Sources */,
				FE0F35291DF53A5200744328 /* OMThread.swift in Sources */,
				FE0F352A1DF53A5200744328 /* OMApplication.swift in Sources */,
				FE0F352B1DF53A5200744328 /* OMTableView.swift in Sources */,
				FE0F352C1DF53A5200744328 /* OMTextView.swift in Sources */,
				FE0F352D1DF53A5200744328 /* OMFont.swift in Sources */,
				FE0F352E1DF53A5200744328 /* OMTimer.swift in Sources */,
				FE0F352F1DF53A5200744328 /* OMFileManager.swift in Sources */,
				FE0F35301DF53A5200744328 /* OMBool.swift in Sources */,
			);
			runOnlyForDeploymentPostprocessing = 0;
		};
		FE8F904F1D6EADCC0095D74B /* Sources */ = {
			isa = PBXSourcesBuildPhase;
			buildActionMask = 2147483647;
			files = (
				FEF83F5C1DCC1BAA000C9B08 /* OMViewController.swift in Sources */,
				FEF83F591DCC1BAA000C9B08 /* OMTextField.swift in Sources */,
				FEF83F4A1DCC1BAA000C9B08 /* OMString.swift in Sources */,
				FEF83F411DCC1BAA000C9B08 /* OMArray.swift in Sources */,
				FE28E6F51DD2BFC10009A2BE /* OMButton.swift in Sources */,
				FEF83F451DCC1BAA000C9B08 /* OMDictionary.swift in Sources */,
				FEF83F531DCC1BAA000C9B08 /* OMImage.swift in Sources */,
				FEF83F501DCC1BAA000C9B08 /* OMColor.swift in Sources */,
				FEF83F551DCC1BAA000C9B08 /* OMRect.swift in Sources */,
				FEF83F441DCC1BAA000C9B08 /* OMDate.swift in Sources */,
				FEF83F571DCC1BAA000C9B08 /* OMStoryboard.swift in Sources */,
				FEF83F491DCC1BAA000C9B08 /* OMObject.swift in Sources */,
				FE13E1BF1DDE9B77005FB3FC /* OMNavigationItem.swift in Sources */,
				FEF83F431DCC1BAA000C9B08 /* OMData.swift in Sources */,
				FE1EFA871DD43BAF0061926B /* OMExtension.swift in Sources */,
				FEF83F4E1DCC1BAA000C9B08 /* OMAlertController.swift in Sources */,
				FEF83F511DCC1BAA000C9B08 /* OMDevice.swift in Sources */,
				FEF83F5B1DCC1BAA000C9B08 /* OMView.swift in Sources */,
				FEF83F461DCC1BAA000C9B08 /* OMDouble.swift in Sources */,
				FEF83F481DCC1BAA000C9B08 /* OMInt.swift in Sources */,
				FEF83F561DCC1BAA000C9B08 /* OMScreen.swift in Sources */,
				FEC273E91DDEAAEF00D33030 /* OMWebView.swift in Sources */,
				FEF83F4D1DCC1BAA000C9B08 /* OMURLRequest.swift in Sources */,
				FEF949011DD3024700B5F1BC /* OMBarButtonItem.swift in Sources */,
				FEF83F541DCC1BAA000C9B08 /* OMNavigationBar.swift in Sources */,
				FEF83F4B1DCC1BAA000C9B08 /* OMThread.swift in Sources */,
				FEF83F4F1DCC1BAA000C9B08 /* OMApplication.swift in Sources */,
				FEF83F581DCC1BAA000C9B08 /* OMTableView.swift in Sources */,
				FEF83F5A1DCC1BAA000C9B08 /* OMTextView.swift in Sources */,
				FEF83F521DCC1BAA000C9B08 /* OMFont.swift in Sources */,
				FEF83F4C1DCC1BAA000C9B08 /* OMTimer.swift in Sources */,
				FEF83F471DCC1BAA000C9B08 /* OMFileManager.swift in Sources */,
				FEF83F421DCC1BAA000C9B08 /* OMBool.swift in Sources */,
			);
			runOnlyForDeploymentPostprocessing = 0;
		};
		FE8F905A1D6EADCC0095D74B /* Sources */ = {
			isa = PBXSourcesBuildPhase;
			buildActionMask = 2147483647;
			files = (
				FE8F90641D6EADCC0095D74B /* OMExtensionTests.swift in Sources */,
			);
			runOnlyForDeploymentPostprocessing = 0;
		};
/* End PBXSourcesBuildPhase section */

/* Begin PBXTargetDependency section */
		FE8F90611D6EADCC0095D74B /* PBXTargetDependency */ = {
			isa = PBXTargetDependency;
			target = FE8F90531D6EADCC0095D74B /* OMExtension iOS */;
			targetProxy = FE8F90601D6EADCC0095D74B /* PBXContainerItemProxy */;
		};
/* End PBXTargetDependency section */

/* Begin XCBuildConfiguration section */
		FE0F34091DF5066200744328 /* Debug */ = {
			isa = XCBuildConfiguration;
			buildSettings = {
				APPLICATION_EXTENSION_API_ONLY = NO;
				CODE_SIGN_IDENTITY = "Mac Developer";
				"CODE_SIGN_IDENTITY[sdk=iphoneos*]" = "iPhone Developer";
				DEFINES_MODULE = YES;
				DYLIB_COMPATIBILITY_VERSION = 1;
				DYLIB_CURRENT_VERSION = 1;
				DYLIB_INSTALL_NAME_BASE = "@rpath";
				INFOPLIST_FILE = "$(SRCROOT)/OMExtension/Info.plist";
				INSTALL_PATH = "$(LOCAL_LIBRARY_DIR)/Frameworks";
				LD_RUNPATH_SEARCH_PATHS = "$(inherited) @executable_path/Frameworks @loader_path/Frameworks";
				PRODUCT_BUNDLE_IDENTIFIER = com.octmon.OMExtension;
				PRODUCT_NAME = OMExtension;
				SDKROOT = macosx;
				SKIP_INSTALL = YES;
				SWIFT_VERSION = 3.0;
			};
			name = Debug;
		};
		FE0F340A1DF5066200744328 /* Release */ = {
			isa = XCBuildConfiguration;
			buildSettings = {
				APPLICATION_EXTENSION_API_ONLY = NO;
				CODE_SIGN_IDENTITY = "Mac Developer";
				"CODE_SIGN_IDENTITY[sdk=iphoneos*]" = "iPhone Developer";
				DEFINES_MODULE = YES;
				DYLIB_COMPATIBILITY_VERSION = 1;
				DYLIB_CURRENT_VERSION = 1;
				DYLIB_INSTALL_NAME_BASE = "@rpath";
				INFOPLIST_FILE = "$(SRCROOT)/OMExtension/Info.plist";
				INSTALL_PATH = "$(LOCAL_LIBRARY_DIR)/Frameworks";
				LD_RUNPATH_SEARCH_PATHS = "$(inherited) @executable_path/Frameworks @loader_path/Frameworks";
				PRODUCT_BUNDLE_IDENTIFIER = com.octmon.OMExtension;
				PRODUCT_NAME = OMExtension;
				SDKROOT = macosx;
				SKIP_INSTALL = YES;
				SWIFT_VERSION = 3.0;
			};
			name = Release;
		};
		FE0F35071DF511FB00744328 /* Debug */ = {
			isa = XCBuildConfiguration;
			buildSettings = {
				APPLICATION_EXTENSION_API_ONLY = NO;
				"CODE_SIGN_IDENTITY[sdk=iphoneos*]" = "iPhone Developer";
				DEFINES_MODULE = YES;
				DYLIB_COMPATIBILITY_VERSION = 1;
				DYLIB_CURRENT_VERSION = 1;
				DYLIB_INSTALL_NAME_BASE = "@rpath";
				INFOPLIST_FILE = "$(SRCROOT)/OMExtension/Info.plist";
				INSTALL_PATH = "$(LOCAL_LIBRARY_DIR)/Frameworks";
				LD_RUNPATH_SEARCH_PATHS = "$(inherited) @executable_path/Frameworks @loader_path/Frameworks";
				PRODUCT_BUNDLE_IDENTIFIER = com.octmon.OMExtension;
				PRODUCT_NAME = OMExtension;
				SDKROOT = appletvos;
				SKIP_INSTALL = YES;
				SWIFT_VERSION = 3.0;
				TVOS_DEPLOYMENT_TARGET = 9.0;
			};
			name = Debug;
		};
		FE0F35081DF511FB00744328 /* Release */ = {
			isa = XCBuildConfiguration;
			buildSettings = {
				APPLICATION_EXTENSION_API_ONLY = NO;
				"CODE_SIGN_IDENTITY[sdk=iphoneos*]" = "iPhone Developer";
				DEFINES_MODULE = YES;
				DYLIB_COMPATIBILITY_VERSION = 1;
				DYLIB_CURRENT_VERSION = 1;
				DYLIB_INSTALL_NAME_BASE = "@rpath";
				INFOPLIST_FILE = "$(SRCROOT)/OMExtension/Info.plist";
				INSTALL_PATH = "$(LOCAL_LIBRARY_DIR)/Frameworks";
				LD_RUNPATH_SEARCH_PATHS = "$(inherited) @executable_path/Frameworks @loader_path/Frameworks";
				PRODUCT_BUNDLE_IDENTIFIER = com.octmon.OMExtension;
				PRODUCT_NAME = OMExtension;
				SDKROOT = appletvos;
				SKIP_INSTALL = YES;
				SWIFT_VERSION = 3.0;
				TVOS_DEPLOYMENT_TARGET = 9.0;
			};
			name = Release;
		};
		FE0F35361DF53A5200744328 /* Debug */ = {
			isa = XCBuildConfiguration;
			buildSettings = {
				APPLICATION_EXTENSION_API_ONLY = NO;
				"CODE_SIGN_IDENTITY[sdk=iphoneos*]" = "iPhone Developer";
				DEFINES_MODULE = YES;
				DYLIB_COMPATIBILITY_VERSION = 1;
				DYLIB_CURRENT_VERSION = 1;
				DYLIB_INSTALL_NAME_BASE = "@rpath";
				INFOPLIST_FILE = "$(SRCROOT)/OMExtension/Info.plist";
				INSTALL_PATH = "$(LOCAL_LIBRARY_DIR)/Frameworks";
				LD_RUNPATH_SEARCH_PATHS = "$(inherited) @executable_path/Frameworks @loader_path/Frameworks";
				PRODUCT_BUNDLE_IDENTIFIER = com.octmon.OMExtension;
				PRODUCT_NAME = OMExtension;
				SDKROOT = watchos;
				SKIP_INSTALL = YES;
				SWIFT_VERSION = 3.0;
				WATCHOS_DEPLOYMENT_TARGET = 2.0;
			};
			name = Debug;
		};
		FE0F35371DF53A5200744328 /* Release */ = {
			isa = XCBuildConfiguration;
			buildSettings = {
				APPLICATION_EXTENSION_API_ONLY = NO;
				"CODE_SIGN_IDENTITY[sdk=iphoneos*]" = "iPhone Developer";
				DEFINES_MODULE = YES;
				DYLIB_COMPATIBILITY_VERSION = 1;
				DYLIB_CURRENT_VERSION = 1;
				DYLIB_INSTALL_NAME_BASE = "@rpath";
				INFOPLIST_FILE = "$(SRCROOT)/OMExtension/Info.plist";
				INSTALL_PATH = "$(LOCAL_LIBRARY_DIR)/Frameworks";
				LD_RUNPATH_SEARCH_PATHS = "$(inherited) @executable_path/Frameworks @loader_path/Frameworks";
				PRODUCT_BUNDLE_IDENTIFIER = com.octmon.OMExtension;
				PRODUCT_NAME = OMExtension;
				SDKROOT = watchos;
				SKIP_INSTALL = YES;
				SWIFT_VERSION = 3.0;
				WATCHOS_DEPLOYMENT_TARGET = 2.0;
			};
			name = Release;
		};
		FE8F90661D6EADCC0095D74B /* Debug */ = {
			isa = XCBuildConfiguration;
			buildSettings = {
				ALWAYS_SEARCH_USER_PATHS = NO;
				CLANG_ANALYZER_NONNULL = YES;
				CLANG_CXX_LANGUAGE_STANDARD = "gnu++0x";
				CLANG_CXX_LIBRARY = "libc++";
				CLANG_ENABLE_MODULES = YES;
				CLANG_ENABLE_OBJC_ARC = YES;
				CLANG_WARN_BOOL_CONVERSION = YES;
				CLANG_WARN_CONSTANT_CONVERSION = YES;
				CLANG_WARN_DIRECT_OBJC_ISA_USAGE = YES_ERROR;
				CLANG_WARN_EMPTY_BODY = YES;
				CLANG_WARN_ENUM_CONVERSION = YES;
				CLANG_WARN_INFINITE_RECURSION = YES;
				CLANG_WARN_INT_CONVERSION = YES;
				CLANG_WARN_OBJC_ROOT_CLASS = YES_ERROR;
				CLANG_WARN_SUSPICIOUS_MOVE = YES;
				CLANG_WARN_UNREACHABLE_CODE = YES;
				CLANG_WARN__DUPLICATE_METHOD_MATCH = YES;
				"CODE_SIGN_IDENTITY[sdk=iphoneos*]" = "iPhone Developer";
				COPY_PHASE_STRIP = NO;
				CURRENT_PROJECT_VERSION = 1;
				DEBUG_INFORMATION_FORMAT = dwarf;
				ENABLE_STRICT_OBJC_MSGSEND = YES;
				ENABLE_TESTABILITY = YES;
				GCC_C_LANGUAGE_STANDARD = gnu99;
				GCC_DYNAMIC_NO_PIC = NO;
				GCC_NO_COMMON_BLOCKS = YES;
				GCC_OPTIMIZATION_LEVEL = 0;
				GCC_PREPROCESSOR_DEFINITIONS = (
					"DEBUG=1",
					"$(inherited)",
				);
				GCC_WARN_64_TO_32_BIT_CONVERSION = YES;
				GCC_WARN_ABOUT_RETURN_TYPE = YES_ERROR;
				GCC_WARN_UNDECLARED_SELECTOR = YES;
				GCC_WARN_UNINITIALIZED_AUTOS = YES_AGGRESSIVE;
				GCC_WARN_UNUSED_FUNCTION = YES;
				GCC_WARN_UNUSED_VARIABLE = YES;
				IPHONEOS_DEPLOYMENT_TARGET = 8.0;
				MACOSX_DEPLOYMENT_TARGET = 10.10;
				MTL_ENABLE_DEBUG_INFO = YES;
				ONLY_ACTIVE_ARCH = YES;
				SDKROOT = iphoneos;
				SWIFT_OPTIMIZATION_LEVEL = "-Onone";
				TARGETED_DEVICE_FAMILY = "1,2";
				VERSIONING_SYSTEM = "apple-generic";
				VERSION_INFO_PREFIX = "";
			};
			name = Debug;
		};
		FE8F90671D6EADCC0095D74B /* Release */ = {
			isa = XCBuildConfiguration;
			buildSettings = {
				ALWAYS_SEARCH_USER_PATHS = NO;
				CLANG_ANALYZER_NONNULL = YES;
				CLANG_CXX_LANGUAGE_STANDARD = "gnu++0x";
				CLANG_CXX_LIBRARY = "libc++";
				CLANG_ENABLE_MODULES = YES;
				CLANG_ENABLE_OBJC_ARC = YES;
				CLANG_WARN_BOOL_CONVERSION = YES;
				CLANG_WARN_CONSTANT_CONVERSION = YES;
				CLANG_WARN_DIRECT_OBJC_ISA_USAGE = YES_ERROR;
				CLANG_WARN_EMPTY_BODY = YES;
				CLANG_WARN_ENUM_CONVERSION = YES;
				CLANG_WARN_INFINITE_RECURSION = YES;
				CLANG_WARN_INT_CONVERSION = YES;
				CLANG_WARN_OBJC_ROOT_CLASS = YES_ERROR;
				CLANG_WARN_SUSPICIOUS_MOVE = YES;
				CLANG_WARN_UNREACHABLE_CODE = YES;
				CLANG_WARN__DUPLICATE_METHOD_MATCH = YES;
				"CODE_SIGN_IDENTITY[sdk=iphoneos*]" = "iPhone Developer";
				COPY_PHASE_STRIP = NO;
				CURRENT_PROJECT_VERSION = 1;
				DEBUG_INFORMATION_FORMAT = "dwarf-with-dsym";
				ENABLE_NS_ASSERTIONS = NO;
				ENABLE_STRICT_OBJC_MSGSEND = YES;
				GCC_C_LANGUAGE_STANDARD = gnu99;
				GCC_NO_COMMON_BLOCKS = YES;
				GCC_WARN_64_TO_32_BIT_CONVERSION = YES;
				GCC_WARN_ABOUT_RETURN_TYPE = YES_ERROR;
				GCC_WARN_UNDECLARED_SELECTOR = YES;
				GCC_WARN_UNINITIALIZED_AUTOS = YES_AGGRESSIVE;
				GCC_WARN_UNUSED_FUNCTION = YES;
				GCC_WARN_UNUSED_VARIABLE = YES;
				IPHONEOS_DEPLOYMENT_TARGET = 8.0;
				MACOSX_DEPLOYMENT_TARGET = 10.10;
				MTL_ENABLE_DEBUG_INFO = NO;
				SDKROOT = iphoneos;
				SWIFT_OPTIMIZATION_LEVEL = "-Owholemodule";
				TARGETED_DEVICE_FAMILY = "1,2";
				VALIDATE_PRODUCT = YES;
				VERSIONING_SYSTEM = "apple-generic";
				VERSION_INFO_PREFIX = "";
			};
			name = Release;
		};
		FE8F90691D6EADCC0095D74B /* Debug */ = {
			isa = XCBuildConfiguration;
			buildSettings = {
				APPLICATION_EXTENSION_API_ONLY = NO;
				"CODE_SIGN_IDENTITY[sdk=iphoneos*]" = "iPhone Developer";
				DEFINES_MODULE = YES;
				DYLIB_COMPATIBILITY_VERSION = 1;
				DYLIB_CURRENT_VERSION = 1;
				DYLIB_INSTALL_NAME_BASE = "@rpath";
				INFOPLIST_FILE = OMExtension/Info.plist;
				INSTALL_PATH = "$(LOCAL_LIBRARY_DIR)/Frameworks";
				LD_RUNPATH_SEARCH_PATHS = "$(inherited) @executable_path/Frameworks @loader_path/Frameworks";
				PRODUCT_BUNDLE_IDENTIFIER = com.octmon.OMExtension;
				PRODUCT_NAME = OMExtension;
				SKIP_INSTALL = YES;
				SWIFT_VERSION = 3.0;
			};
			name = Debug;
		};
		FE8F906A1D6EADCC0095D74B /* Release */ = {
			isa = XCBuildConfiguration;
			buildSettings = {
				APPLICATION_EXTENSION_API_ONLY = NO;
				"CODE_SIGN_IDENTITY[sdk=iphoneos*]" = "iPhone Developer";
				DEFINES_MODULE = YES;
				DYLIB_COMPATIBILITY_VERSION = 1;
				DYLIB_CURRENT_VERSION = 1;
				DYLIB_INSTALL_NAME_BASE = "@rpath";
				INFOPLIST_FILE = OMExtension/Info.plist;
				INSTALL_PATH = "$(LOCAL_LIBRARY_DIR)/Frameworks";
				LD_RUNPATH_SEARCH_PATHS = "$(inherited) @executable_path/Frameworks @loader_path/Frameworks";
				PRODUCT_BUNDLE_IDENTIFIER = com.octmon.OMExtension;
				PRODUCT_NAME = OMExtension;
				SKIP_INSTALL = YES;
				SWIFT_VERSION = 3.0;
			};
			name = Release;
		};
		FE8F906C1D6EADCC0095D74B /* Debug */ = {
			isa = XCBuildConfiguration;
			buildSettings = {
				ALWAYS_EMBED_SWIFT_STANDARD_LIBRARIES = YES;
				INFOPLIST_FILE = OMExtensionTests/Info.plist;
				LD_RUNPATH_SEARCH_PATHS = "$(inherited) @executable_path/Frameworks @loader_path/Frameworks";
				PRODUCT_BUNDLE_IDENTIFIER = com.octmon.OMExtensionTests;
				PRODUCT_NAME = "$(TARGET_NAME)";
				SWIFT_VERSION = 3.0;
			};
			name = Debug;
		};
		FE8F906D1D6EADCC0095D74B /* Release */ = {
			isa = XCBuildConfiguration;
			buildSettings = {
				ALWAYS_EMBED_SWIFT_STANDARD_LIBRARIES = YES;
				INFOPLIST_FILE = OMExtensionTests/Info.plist;
				LD_RUNPATH_SEARCH_PATHS = "$(inherited) @executable_path/Frameworks @loader_path/Frameworks";
				PRODUCT_BUNDLE_IDENTIFIER = com.octmon.OMExtensionTests;
				PRODUCT_NAME = "$(TARGET_NAME)";
				SWIFT_VERSION = 3.0;
			};
			name = Release;
		};
/* End XCBuildConfiguration section */

/* Begin XCConfigurationList section */
		FE0F34081DF5066200744328 /* Build configuration list for PBXNativeTarget "OMExtension macOS" */ = {
			isa = XCConfigurationList;
			buildConfigurations = (
				FE0F34091DF5066200744328 /* Debug */,
				FE0F340A1DF5066200744328 /* Release */,
			);
			defaultConfigurationIsVisible = 0;
			defaultConfigurationName = Release;
		};
		FE0F35061DF511FB00744328 /* Build configuration list for PBXNativeTarget "OMExtension tvOS" */ = {
			isa = XCConfigurationList;
			buildConfigurations = (
				FE0F35071DF511FB00744328 /* Debug */,
				FE0F35081DF511FB00744328 /* Release */,
			);
			defaultConfigurationIsVisible = 0;
			defaultConfigurationName = Release;
		};
		FE0F35351DF53A5200744328 /* Build configuration list for PBXNativeTarget "OMExtension watchOS" */ = {
			isa = XCConfigurationList;
			buildConfigurations = (
				FE0F35361DF53A5200744328 /* Debug */,
				FE0F35371DF53A5200744328 /* Release */,
			);
			defaultConfigurationIsVisible = 0;
			defaultConfigurationName = Release;
		};
		FE8F904E1D6EADCC0095D74B /* Build configuration list for PBXProject "OMExtension" */ = {
			isa = XCConfigurationList;
			buildConfigurations = (
				FE8F90661D6EADCC0095D74B /* Debug */,
				FE8F90671D6EADCC0095D74B /* Release */,
			);
			defaultConfigurationIsVisible = 0;
			defaultConfigurationName = Release;
		};
		FE8F90681D6EADCC0095D74B /* Build configuration list for PBXNativeTarget "OMExtension iOS" */ = {
			isa = XCConfigurationList;
			buildConfigurations = (
				FE8F90691D6EADCC0095D74B /* Debug */,
				FE8F906A1D6EADCC0095D74B /* Release */,
			);
			defaultConfigurationIsVisible = 0;
			defaultConfigurationName = Release;
		};
		FE8F906B1D6EADCC0095D74B /* Build configuration list for PBXNativeTarget "OMExtensionTests" */ = {
			isa = XCConfigurationList;
			buildConfigurations = (
				FE8F906C1D6EADCC0095D74B /* Debug */,
				FE8F906D1D6EADCC0095D74B /* Release */,
			);
			defaultConfigurationIsVisible = 0;
			defaultConfigurationName = Release;
		};
/* End XCConfigurationList section */
	};
	rootObject = FE8F904B1D6EADCC0095D74B /* Project object */;
}
