// !$*UTF8*$!
{
	archiveVersion = 1;
	classes = {
	};
	objectVersion = 46;
	objects = {

/* Begin PBXBuildFile section */
		FE8F90581D6EADCC0095D74B /* OMExtension.h in Headers */ = {isa = PBXBuildFile; fileRef = FE8F90571D6EADCC0095D74B /* OMExtension.h */; settings = {ATTRIBUTES = (Public, ); }; };
		FE8F905F1D6EADCC0095D74B /* OMExtension.framework in Frameworks */ = {isa = PBXBuildFile; fileRef = FE8F90541D6EADCC0095D74B /* OMExtension.framework */; };
		FE8F90641D6EADCC0095D74B /* OMExtensionTests.swift in Sources */ = {isa = PBXBuildFile; fileRef = FE8F90631D6EADCC0095D74B /* OMExtensionTests.swift */; };
		FEDA0A9A1DCD87DE00F00034 /* OMArray.swift in Sources */ = {isa = PBXBuildFile; fileRef = FEDA0A7D1DCD87DE00F00034 /* OMArray.swift */; };
		FEDA0A9B1DCD87DE00F00034 /* OMBool.swift in Sources */ = {isa = PBXBuildFile; fileRef = FEDA0A7E1DCD87DE00F00034 /* OMBool.swift */; };
		FEDA0A9C1DCD87DE00F00034 /* OMData.swift in Sources */ = {isa = PBXBuildFile; fileRef = FEDA0A7F1DCD87DE00F00034 /* OMData.swift */; };
		FEDA0A9D1DCD87DE00F00034 /* OMDate.swift in Sources */ = {isa = PBXBuildFile; fileRef = FEDA0A801DCD87DE00F00034 /* OMDate.swift */; };
		FEDA0A9E1DCD87DE00F00034 /* OMDictionary.swift in Sources */ = {isa = PBXBuildFile; fileRef = FEDA0A811DCD87DE00F00034 /* OMDictionary.swift */; };
		FEDA0A9F1DCD87DE00F00034 /* OMDouble.swift in Sources */ = {isa = PBXBuildFile; fileRef = FEDA0A821DCD87DE00F00034 /* OMDouble.swift */; };
		FEDA0AA01DCD87DE00F00034 /* OMFileManager.swift in Sources */ = {isa = PBXBuildFile; fileRef = FEDA0A831DCD87DE00F00034 /* OMFileManager.swift */; };
		FEDA0AA11DCD87DE00F00034 /* OMInt.swift in Sources */ = {isa = PBXBuildFile; fileRef = FEDA0A841DCD87DE00F00034 /* OMInt.swift */; };
		FEDA0AA21DCD87DE00F00034 /* OMObject.swift in Sources */ = {isa = PBXBuildFile; fileRef = FEDA0A851DCD87DE00F00034 /* OMObject.swift */; };
		FEDA0AA31DCD87DE00F00034 /* OMString.swift in Sources */ = {isa = PBXBuildFile; fileRef = FEDA0A861DCD87DE00F00034 /* OMString.swift */; };
		FEDA0AA41DCD87DE00F00034 /* OMThread.swift in Sources */ = {isa = PBXBuildFile; fileRef = FEDA0A871DCD87DE00F00034 /* OMThread.swift */; };
		FEDA0AA51DCD87DE00F00034 /* OMTimer.swift in Sources */ = {isa = PBXBuildFile; fileRef = FEDA0A881DCD87DE00F00034 /* OMTimer.swift */; };
		FEDA0AA61DCD87DE00F00034 /* OMURLRequest.swift in Sources */ = {isa = PBXBuildFile; fileRef = FEDA0A891DCD87DE00F00034 /* OMURLRequest.swift */; };
		FEDA0AA71DCD87DE00F00034 /* OMAlertController.swift in Sources */ = {isa = PBXBuildFile; fileRef = FEDA0A8B1DCD87DE00F00034 /* OMAlertController.swift */; };
		FEDA0AA81DCD87DE00F00034 /* OMApplication.swift in Sources */ = {isa = PBXBuildFile; fileRef = FEDA0A8C1DCD87DE00F00034 /* OMApplication.swift */; };
		FEDA0AA91DCD87DE00F00034 /* OMColor.swift in Sources */ = {isa = PBXBuildFile; fileRef = FEDA0A8D1DCD87DE00F00034 /* OMColor.swift */; };
		FEDA0AAA1DCD87DE00F00034 /* OMDevice.swift in Sources */ = {isa = PBXBuildFile; fileRef = FEDA0A8E1DCD87DE00F00034 /* OMDevice.swift */; };
		FEDA0AAB1DCD87DE00F00034 /* OMFont.swift in Sources */ = {isa = PBXBuildFile; fileRef = FEDA0A8F1DCD87DE00F00034 /* OMFont.swift */; };
		FEDA0AAC1DCD87DE00F00034 /* OMImage.swift in Sources */ = {isa = PBXBuildFile; fileRef = FEDA0A901DCD87DE00F00034 /* OMImage.swift */; };
		FEDA0AAD1DCD87DE00F00034 /* OMNavigationBar.swift in Sources */ = {isa = PBXBuildFile; fileRef = FEDA0A911DCD87DE00F00034 /* OMNavigationBar.swift */; };
		FEDA0AAE1DCD87DE00F00034 /* OMRect.swift in Sources */ = {isa = PBXBuildFile; fileRef = FEDA0A921DCD87DE00F00034 /* OMRect.swift */; };
		FEDA0AAF1DCD87DE00F00034 /* OMScreen.swift in Sources */ = {isa = PBXBuildFile; fileRef = FEDA0A931DCD87DE00F00034 /* OMScreen.swift */; };
		FEDA0AB01DCD87DE00F00034 /* OMStoryboard.swift in Sources */ = {isa = PBXBuildFile; fileRef = FEDA0A941DCD87DE00F00034 /* OMStoryboard.swift */; };
		FEDA0AB11DCD87DE00F00034 /* OMTableView.swift in Sources */ = {isa = PBXBuildFile; fileRef = FEDA0A951DCD87DE00F00034 /* OMTableView.swift */; };
		FEDA0AB21DCD87DE00F00034 /* OMTextField.swift in Sources */ = {isa = PBXBuildFile; fileRef = FEDA0A961DCD87DE00F00034 /* OMTextField.swift */; };
		FEDA0AB31DCD87DE00F00034 /* OMTextView.swift in Sources */ = {isa = PBXBuildFile; fileRef = FEDA0A971DCD87DE00F00034 /* OMTextView.swift */; };
		FEDA0AB41DCD87DE00F00034 /* OMView.swift in Sources */ = {isa = PBXBuildFile; fileRef = FEDA0A981DCD87DE00F00034 /* OMView.swift */; };
		FEDA0AB51DCD87DE00F00034 /* OMViewController.swift in Sources */ = {isa = PBXBuildFile; fileRef = FEDA0A991DCD87DE00F00034 /* OMViewController.swift */; };
/* End PBXBuildFile section */

/* Begin PBXContainerItemProxy section */
		FE8F90601D6EADCC0095D74B /* PBXContainerItemProxy */ = {
			isa = PBXContainerItemProxy;
			containerPortal = FE8F904B1D6EADCC0095D74B /* Project object */;
			proxyType = 1;
			remoteGlobalIDString = FE8F90531D6EADCC0095D74B;
			remoteInfo = OMExtension;
		};
/* End PBXContainerItemProxy section */

/* Begin PBXFileReference section */
		FE8F90541D6EADCC0095D74B /* OMExtension.framework */ = {isa = PBXFileReference; explicitFileType = wrapper.framework; includeInIndex = 0; path = OMExtension.framework; sourceTree = BUILT_PRODUCTS_DIR; };
		FE8F90571D6EADCC0095D74B /* OMExtension.h */ = {isa = PBXFileReference; lastKnownFileType = sourcecode.c.h; path = OMExtension.h; sourceTree = "<group>"; };
		FE8F90591D6EADCC0095D74B /* Info.plist */ = {isa = PBXFileReference; lastKnownFileType = text.plist.xml; path = Info.plist; sourceTree = "<group>"; };
		FE8F905E1D6EADCC0095D74B /* OMExtensionTests.xctest */ = {isa = PBXFileReference; explicitFileType = wrapper.cfbundle; includeInIndex = 0; path = OMExtensionTests.xctest; sourceTree = BUILT_PRODUCTS_DIR; };
		FE8F90631D6EADCC0095D74B /* OMExtensionTests.swift */ = {isa = PBXFileReference; lastKnownFileType = sourcecode.swift; path = OMExtensionTests.swift; sourceTree = "<group>"; };
		FE8F90651D6EADCC0095D74B /* Info.plist */ = {isa = PBXFileReference; lastKnownFileType = text.plist.xml; path = Info.plist; sourceTree = "<group>"; };
		FEDA0A7D1DCD87DE00F00034 /* OMArray.swift */ = {isa = PBXFileReference; fileEncoding = 4; lastKnownFileType = sourcecode.swift; path = OMArray.swift; sourceTree = "<group>"; };
		FEDA0A7E1DCD87DE00F00034 /* OMBool.swift */ = {isa = PBXFileReference; fileEncoding = 4; lastKnownFileType = sourcecode.swift; path = OMBool.swift; sourceTree = "<group>"; };
		FEDA0A7F1DCD87DE00F00034 /* OMData.swift */ = {isa = PBXFileReference; fileEncoding = 4; lastKnownFileType = sourcecode.swift; path = OMData.swift; sourceTree = "<group>"; };
		FEDA0A801DCD87DE00F00034 /* OMDate.swift */ = {isa = PBXFileReference; fileEncoding = 4; lastKnownFileType = sourcecode.swift; path = OMDate.swift; sourceTree = "<group>"; };
		FEDA0A811DCD87DE00F00034 /* OMDictionary.swift */ = {isa = PBXFileReference; fileEncoding = 4; lastKnownFileType = sourcecode.swift; path = OMDictionary.swift; sourceTree = "<group>"; };
		FEDA0A821DCD87DE00F00034 /* OMDouble.swift */ = {isa = PBXFileReference; fileEncoding = 4; lastKnownFileType = sourcecode.swift; path = OMDouble.swift; sourceTree = "<group>"; };
		FEDA0A831DCD87DE00F00034 /* OMFileManager.swift */ = {isa = PBXFileReference; fileEncoding = 4; lastKnownFileType = sourcecode.swift; path = OMFileManager.swift; sourceTree = "<group>"; };
		FEDA0A841DCD87DE00F00034 /* OMInt.swift */ = {isa = PBXFileReference; fileEncoding = 4; lastKnownFileType = sourcecode.swift; path = OMInt.swift; sourceTree = "<group>"; };
		FEDA0A851DCD87DE00F00034 /* OMObject.swift */ = {isa = PBXFileReference; fileEncoding = 4; lastKnownFileType = sourcecode.swift; path = OMObject.swift; sourceTree = "<group>"; };
		FEDA0A861DCD87DE00F00034 /* OMString.swift */ = {isa = PBXFileReference; fileEncoding = 4; lastKnownFileType = sourcecode.swift; path = OMString.swift; sourceTree = "<group>"; };
		FEDA0A871DCD87DE00F00034 /* OMThread.swift */ = {isa = PBXFileReference; fileEncoding = 4; lastKnownFileType = sourcecode.swift; path = OMThread.swift; sourceTree = "<group>"; };
		FEDA0A881DCD87DE00F00034 /* OMTimer.swift */ = {isa = PBXFileReference; fileEncoding = 4; lastKnownFileType = sourcecode.swift; path = OMTimer.swift; sourceTree = "<group>"; };
		FEDA0A891DCD87DE00F00034 /* OMURLRequest.swift */ = {isa = PBXFileReference; fileEncoding = 4; lastKnownFileType = sourcecode.swift; path = OMURLRequest.swift; sourceTree = "<group>"; };
		FEDA0A8B1DCD87DE00F00034 /* OMAlertController.swift */ = {isa = PBXFileReference; fileEncoding = 4; lastKnownFileType = sourcecode.swift; path = OMAlertController.swift; sourceTree = "<group>"; };
		FEDA0A8C1DCD87DE00F00034 /* OMApplication.swift */ = {isa = PBXFileReference; fileEncoding = 4; lastKnownFileType = sourcecode.swift; path = OMApplication.swift; sourceTree = "<group>"; };
		FEDA0A8D1DCD87DE00F00034 /* OMColor.swift */ = {isa = PBXFileReference; fileEncoding = 4; lastKnownFileType = sourcecode.swift; path = OMColor.swift; sourceTree = "<group>"; };
		FEDA0A8E1DCD87DE00F00034 /* OMDevice.swift */ = {isa = PBXFileReference; fileEncoding = 4; lastKnownFileType = sourcecode.swift; path = OMDevice.swift; sourceTree = "<group>"; };
		FEDA0A8F1DCD87DE00F00034 /* OMFont.swift */ = {isa = PBXFileReference; fileEncoding = 4; lastKnownFileType = sourcecode.swift; path = OMFont.swift; sourceTree = "<group>"; };
		FEDA0A901DCD87DE00F00034 /* OMImage.swift */ = {isa = PBXFileReference; fileEncoding = 4; lastKnownFileType = sourcecode.swift; path = OMImage.swift; sourceTree = "<group>"; };
		FEDA0A911DCD87DE00F00034 /* OMNavigationBar.swift */ = {isa = PBXFileReference; fileEncoding = 4; lastKnownFileType = sourcecode.swift; path = OMNavigationBar.swift; sourceTree = "<group>"; };
		FEDA0A921DCD87DE00F00034 /* OMRect.swift */ = {isa = PBXFileReference; fileEncoding = 4; lastKnownFileType = sourcecode.swift; path = OMRect.swift; sourceTree = "<group>"; };
		FEDA0A931DCD87DE00F00034 /* OMScreen.swift */ = {isa = PBXFileReference; fileEncoding = 4; lastKnownFileType = sourcecode.swift; path = OMScreen.swift; sourceTree = "<group>"; };
		FEDA0A941DCD87DE00F00034 /* OMStoryboard.swift */ = {isa = PBXFileReference; fileEncoding = 4; lastKnownFileType = sourcecode.swift; path = OMStoryboard.swift; sourceTree = "<group>"; };
		FEDA0A951DCD87DE00F00034 /* OMTableView.swift */ = {isa = PBXFileReference; fileEncoding = 4; lastKnownFileType = sourcecode.swift; path = OMTableView.swift; sourceTree = "<group>"; };
		FEDA0A961DCD87DE00F00034 /* OMTextField.swift */ = {isa = PBXFileReference; fileEncoding = 4; lastKnownFileType = sourcecode.swift; path = OMTextField.swift; sourceTree = "<group>"; };
		FEDA0A971DCD87DE00F00034 /* OMTextView.swift */ = {isa = PBXFileReference; fileEncoding = 4; lastKnownFileType = sourcecode.swift; path = OMTextView.swift; sourceTree = "<group>"; };
		FEDA0A981DCD87DE00F00034 /* OMView.swift */ = {isa = PBXFileReference; fileEncoding = 4; lastKnownFileType = sourcecode.swift; path = OMView.swift; sourceTree = "<group>"; };
		FEDA0A991DCD87DE00F00034 /* OMViewController.swift */ = {isa = PBXFileReference; fileEncoding = 4; lastKnownFileType = sourcecode.swift; path = OMViewController.swift; sourceTree = "<group>"; };
/* End PBXFileReference section */

/* Begin PBXFrameworksBuildPhase section */
		FE8F90501D6EADCC0095D74B /* Frameworks */ = {
			isa = PBXFrameworksBuildPhase;
			buildActionMask = 2147483647;
			files = (
			);
			runOnlyForDeploymentPostprocessing = 0;
		};
		FE8F905B1D6EADCC0095D74B /* Frameworks */ = {
			isa = PBXFrameworksBuildPhase;
			buildActionMask = 2147483647;
			files = (
				FE8F905F1D6EADCC0095D74B /* OMExtension.framework in Frameworks */,
			);
			runOnlyForDeploymentPostprocessing = 0;
		};
/* End PBXFrameworksBuildPhase section */

/* Begin PBXGroup section */
		FE8F904A1D6EADCC0095D74B = {
			isa = PBXGroup;
			children = (
				FE8F90561D6EADCC0095D74B /* OMExtension */,
				FE8F90621D6EADCC0095D74B /* OMExtensionTests */,
				FE8F90551D6EADCC0095D74B /* Products */,
			);
			sourceTree = "<group>";
		};
		FE8F90551D6EADCC0095D74B /* Products */ = {
			isa = PBXGroup;
			children = (
				FE8F90541D6EADCC0095D74B /* OMExtension.framework */,
				FE8F905E1D6EADCC0095D74B /* OMExtensionTests.xctest */,
			);
			name = Products;
			sourceTree = "<group>";
		};
		FE8F90561D6EADCC0095D74B /* OMExtension */ = {
			isa = PBXGroup;
			children = (
				FE8F90591D6EADCC0095D74B /* Info.plist */,
				FE8F90571D6EADCC0095D74B /* OMExtension.h */,
				FEDA0A7B1DCD87DE00F00034 /* Source */,
			);
			path = OMExtension;
			sourceTree = "<group>";
		};
		FE8F90621D6EADCC0095D74B /* OMExtensionTests */ = {
			isa = PBXGroup;
			children = (
				FE8F90631D6EADCC0095D74B /* OMExtensionTests.swift */,
				FE8F90651D6EADCC0095D74B /* Info.plist */,
			);
			path = OMExtensionTests;
			sourceTree = "<group>";
		};
		FEDA0A7B1DCD87DE00F00034 /* Source */ = {
			isa = PBXGroup;
			children = (
				FEDA0A7C1DCD87DE00F00034 /* Foundation */,
				FEDA0A8A1DCD87DE00F00034 /* UIKit */,
			);
			path = Source;
			sourceTree = "<group>";
		};
		FEDA0A7C1DCD87DE00F00034 /* Foundation */ = {
			isa = PBXGroup;
			children = (
				FEDA0A7D1DCD87DE00F00034 /* OMArray.swift */,
				FEDA0A7E1DCD87DE00F00034 /* OMBool.swift */,
				FEDA0A7F1DCD87DE00F00034 /* OMData.swift */,
				FEDA0A801DCD87DE00F00034 /* OMDate.swift */,
				FEDA0A811DCD87DE00F00034 /* OMDictionary.swift */,
				FEDA0A821DCD87DE00F00034 /* OMDouble.swift */,
				FEDA0A831DCD87DE00F00034 /* OMFileManager.swift */,
				FEDA0A841DCD87DE00F00034 /* OMInt.swift */,
				FEDA0A851DCD87DE00F00034 /* OMObject.swift */,
				FEDA0A861DCD87DE00F00034 /* OMString.swift */,
				FEDA0A871DCD87DE00F00034 /* OMThread.swift */,
				FEDA0A881DCD87DE00F00034 /* OMTimer.swift */,
				FEDA0A891DCD87DE00F00034 /* OMURLRequest.swift */,
			);
			path = Foundation;
			sourceTree = "<group>";
		};
		FEDA0A8A1DCD87DE00F00034 /* UIKit */ = {
			isa = PBXGroup;
			children = (
				FEDA0A8B1DCD87DE00F00034 /* OMAlertController.swift */,
				FEDA0A8C1DCD87DE00F00034 /* OMApplication.swift */,
				FEDA0A8D1DCD87DE00F00034 /* OMColor.swift */,
				FEDA0A8E1DCD87DE00F00034 /* OMDevice.swift */,
				FEDA0A8F1DCD87DE00F00034 /* OMFont.swift */,
				FEDA0A901DCD87DE00F00034 /* OMImage.swift */,
				FEDA0A911DCD87DE00F00034 /* OMNavigationBar.swift */,
				FEDA0A921DCD87DE00F00034 /* OMRect.swift */,
				FEDA0A931DCD87DE00F00034 /* OMScreen.swift */,
				FEDA0A941DCD87DE00F00034 /* OMStoryboard.swift */,
				FEDA0A951DCD87DE00F00034 /* OMTableView.swift */,
				FEDA0A961DCD87DE00F00034 /* OMTextField.swift */,
				FEDA0A971DCD87DE00F00034 /* OMTextView.swift */,
				FEDA0A981DCD87DE00F00034 /* OMView.swift */,
				FEDA0A991DCD87DE00F00034 /* OMViewController.swift */,
			);
			path = UIKit;
			sourceTree = "<group>";
		};
/* End PBXGroup section */

/* Begin PBXHeadersBuildPhase section */
		FE8F90511D6EADCC0095D74B /* Headers */ = {
			isa = PBXHeadersBuildPhase;
			buildActionMask = 2147483647;
			files = (
				FE8F90581D6EADCC0095D74B /* OMExtension.h in Headers */,
			);
			runOnlyForDeploymentPostprocessing = 0;
		};
/* End PBXHeadersBuildPhase section */

/* Begin PBXNativeTarget section */
		FE8F90531D6EADCC0095D74B /* OMExtension */ = {
			isa = PBXNativeTarget;
			buildConfigurationList = FE8F90681D6EADCC0095D74B /* Build configuration list for PBXNativeTarget "OMExtension" */;
			buildPhases = (
				FE8F904F1D6EADCC0095D74B /* Sources */,
				FE8F90501D6EADCC0095D74B /* Frameworks */,
				FE8F90511D6EADCC0095D74B /* Headers */,
				FE8F90521D6EADCC0095D74B /* Resources */,
			);
			buildRules = (
			);
			dependencies = (
			);
			name = OMExtension;
			productName = OMExtension;
			productReference = FE8F90541D6EADCC0095D74B /* OMExtension.framework */;
			productType = "com.apple.product-type.framework";
		};
		FE8F905D1D6EADCC0095D74B /* OMExtensionTests */ = {
			isa = PBXNativeTarget;
			buildConfigurationList = FE8F906B1D6EADCC0095D74B /* Build configuration list for PBXNativeTarget "OMExtensionTests" */;
			buildPhases = (
				FE8F905A1D6EADCC0095D74B /* Sources */,
				FE8F905B1D6EADCC0095D74B /* Frameworks */,
				FE8F905C1D6EADCC0095D74B /* Resources */,
			);
			buildRules = (
			);
			dependencies = (
				FE8F90611D6EADCC0095D74B /* PBXTargetDependency */,
			);
			name = OMExtensionTests;
			productName = OMExtensionTests;
			productReference = FE8F905E1D6EADCC0095D74B /* OMExtensionTests.xctest */;
			productType = "com.apple.product-type.bundle.unit-test";
		};
/* End PBXNativeTarget section */

/* Begin PBXProject section */
		FE8F904B1D6EADCC0095D74B /* Project object */ = {
			isa = PBXProject;
			attributes = {
				LastSwiftUpdateCheck = 0730;
				LastUpgradeCheck = 0800;
				ORGANIZATIONNAME = OctMon;
				TargetAttributes = {
					FE8F90531D6EADCC0095D74B = {
						CreatedOnToolsVersion = 7.3.1;
						LastSwiftMigration = 0800;
					};
					FE8F905D1D6EADCC0095D74B = {
						CreatedOnToolsVersion = 7.3.1;
						LastSwiftMigration = 0800;
					};
				};
			};
			buildConfigurationList = FE8F904E1D6EADCC0095D74B /* Build configuration list for PBXProject "OMExtension" */;
			compatibilityVersion = "Xcode 3.2";
			developmentRegion = English;
			hasScannedForEncodings = 0;
			knownRegions = (
				en,
			);
			mainGroup = FE8F904A1D6EADCC0095D74B;
			productRefGroup = FE8F90551D6EADCC0095D74B /* Products */;
			projectDirPath = "";
			projectRoot = "";
			targets = (
				FE8F90531D6EADCC0095D74B /* OMExtension */,
				FE8F905D1D6EADCC0095D74B /* OMExtensionTests */,
			);
		};
/* End PBXProject section */

/* Begin PBXResourcesBuildPhase section */
		FE8F90521D6EADCC0095D74B /* Resources */ = {
			isa = PBXResourcesBuildPhase;
			buildActionMask = 2147483647;
			files = (
			);
			runOnlyForDeploymentPostprocessing = 0;
		};
		FE8F905C1D6EADCC0095D74B /* Resources */ = {
			isa = PBXResourcesBuildPhase;
			buildActionMask = 2147483647;
			files = (
			);
			runOnlyForDeploymentPostprocessing = 0;
		};
/* End PBXResourcesBuildPhase section */

/* Begin PBXSourcesBuildPhase section */
		FE8F904F1D6EADCC0095D74B /* Sources */ = {
			isa = PBXSourcesBuildPhase;
			buildActionMask = 2147483647;
			files = (
				FEDA0AB51DCD87DE00F00034 /* OMViewController.swift in Sources */,
				FEDA0AB21DCD87DE00F00034 /* OMTextField.swift in Sources */,
				FEDA0AA31DCD87DE00F00034 /* OMString.swift in Sources */,
				FEDA0A9A1DCD87DE00F00034 /* OMArray.swift in Sources */,
				FEDA0A9E1DCD87DE00F00034 /* OMDictionary.swift in Sources */,
				FEDA0AAC1DCD87DE00F00034 /* OMImage.swift in Sources */,
				FEDA0AA91DCD87DE00F00034 /* OMColor.swift in Sources */,
				FEDA0AAE1DCD87DE00F00034 /* OMRect.swift in Sources */,
				FEDA0A9D1DCD87DE00F00034 /* OMDate.swift in Sources */,
				FEDA0AB01DCD87DE00F00034 /* OMStoryboard.swift in Sources */,
				FEDA0AA21DCD87DE00F00034 /* OMObject.swift in Sources */,
				FEDA0A9C1DCD87DE00F00034 /* OMData.swift in Sources */,
				FEDA0AA71DCD87DE00F00034 /* OMAlertController.swift in Sources */,
				FEDA0AAA1DCD87DE00F00034 /* OMDevice.swift in Sources */,
				FEDA0AB41DCD87DE00F00034 /* OMView.swift in Sources */,
				FEDA0A9F1DCD87DE00F00034 /* OMDouble.swift in Sources */,
				FEDA0AA11DCD87DE00F00034 /* OMInt.swift in Sources */,
				FEDA0AAF1DCD87DE00F00034 /* OMScreen.swift in Sources */,
				FEDA0AA61DCD87DE00F00034 /* OMURLRequest.swift in Sources */,
				FEDA0AAD1DCD87DE00F00034 /* OMNavigationBar.swift in Sources */,
				FEDA0AA41DCD87DE00F00034 /* OMThread.swift in Sources */,
				FEDA0AA81DCD87DE00F00034 /* OMApplication.swift in Sources */,
				FEDA0AB11DCD87DE00F00034 /* OMTableView.swift in Sources */,
				FEDA0AB31DCD87DE00F00034 /* OMTextView.swift in Sources */,
				FEDA0AAB1DCD87DE00F00034 /* OMFont.swift in Sources */,
				FEDA0AA51DCD87DE00F00034 /* OMTimer.swift in Sources */,
				FEDA0AA01DCD87DE00F00034 /* OMFileManager.swift in Sources */,
				FEDA0A9B1DCD87DE00F00034 /* OMBool.swift in Sources */,
			);
			runOnlyForDeploymentPostprocessing = 0;
		};
		FE8F905A1D6EADCC0095D74B /* Sources */ = {
			isa = PBXSourcesBuildPhase;
			buildActionMask = 2147483647;
			files = (
				FE8F90641D6EADCC0095D74B /* OMExtensionTests.swift in Sources */,
			);
			runOnlyForDeploymentPostprocessing = 0;
		};
/* End PBXSourcesBuildPhase section */

/* Begin PBXTargetDependency section */
		FE8F90611D6EADCC0095D74B /* PBXTargetDependency */ = {
			isa = PBXTargetDependency;
			target = FE8F90531D6EADCC0095D74B /* OMExtension */;
			targetProxy = FE8F90601D6EADCC0095D74B /* PBXContainerItemProxy */;
		};
/* End PBXTargetDependency section */

/* Begin XCBuildConfiguration section */
		FE8F90661D6EADCC0095D74B /* Debug */ = {
			isa = XCBuildConfiguration;
			buildSettings = {
				ALWAYS_SEARCH_USER_PATHS = NO;
				CLANG_ANALYZER_NONNULL = YES;
				CLANG_CXX_LANGUAGE_STANDARD = "gnu++0x";
				CLANG_CXX_LIBRARY = "libc++";
				CLANG_ENABLE_MODULES = YES;
				CLANG_ENABLE_OBJC_ARC = YES;
				CLANG_WARN_BOOL_CONVERSION = YES;
				CLANG_WARN_CONSTANT_CONVERSION = YES;
				CLANG_WARN_DIRECT_OBJC_ISA_USAGE = YES_ERROR;
				CLANG_WARN_EMPTY_BODY = YES;
				CLANG_WARN_ENUM_CONVERSION = YES;
				CLANG_WARN_INFINITE_RECURSION = YES;
				CLANG_WARN_INT_CONVERSION = YES;
				CLANG_WARN_OBJC_ROOT_CLASS = YES_ERROR;
				CLANG_WARN_SUSPICIOUS_MOVE = YES;
				CLANG_WARN_UNREACHABLE_CODE = YES;
				CLANG_WARN__DUPLICATE_METHOD_MATCH = YES;
				"CODE_SIGN_IDENTITY[sdk=iphoneos*]" = "iPhone Developer";
				COPY_PHASE_STRIP = NO;
				CURRENT_PROJECT_VERSION = 1;
				DEBUG_INFORMATION_FORMAT = dwarf;
				ENABLE_STRICT_OBJC_MSGSEND = YES;
				ENABLE_TESTABILITY = YES;
				GCC_C_LANGUAGE_STANDARD = gnu99;
				GCC_DYNAMIC_NO_PIC = NO;
				GCC_NO_COMMON_BLOCKS = YES;
				GCC_OPTIMIZATION_LEVEL = 0;
				GCC_PREPROCESSOR_DEFINITIONS = (
					"DEBUG=1",
					"$(inherited)",
				);
				GCC_WARN_64_TO_32_BIT_CONVERSION = YES;
				GCC_WARN_ABOUT_RETURN_TYPE = YES_ERROR;
				GCC_WARN_UNDECLARED_SELECTOR = YES;
				GCC_WARN_UNINITIALIZED_AUTOS = YES_AGGRESSIVE;
				GCC_WARN_UNUSED_FUNCTION = YES;
				GCC_WARN_UNUSED_VARIABLE = YES;
				IPHONEOS_DEPLOYMENT_TARGET = 8.0;
				MTL_ENABLE_DEBUG_INFO = YES;
				ONLY_ACTIVE_ARCH = YES;
				SDKROOT = iphoneos;
				SWIFT_OPTIMIZATION_LEVEL = "-Onone";
				TARGETED_DEVICE_FAMILY = "1,2";
				VERSIONING_SYSTEM = "apple-generic";
				VERSION_INFO_PREFIX = "";
			};
			name = Debug;
		};
		FE8F90671D6EADCC0095D74B /* Release */ = {
			isa = XCBuildConfiguration;
			buildSettings = {
				ALWAYS_SEARCH_USER_PATHS = NO;
				CLANG_ANALYZER_NONNULL = YES;
				CLANG_CXX_LANGUAGE_STANDARD = "gnu++0x";
				CLANG_CXX_LIBRARY = "libc++";
				CLANG_ENABLE_MODULES = YES;
				CLANG_ENABLE_OBJC_ARC = YES;
				CLANG_WARN_BOOL_CONVERSION = YES;
				CLANG_WARN_CONSTANT_CONVERSION = YES;
				CLANG_WARN_DIRECT_OBJC_ISA_USAGE = YES_ERROR;
				CLANG_WARN_EMPTY_BODY = YES;
				CLANG_WARN_ENUM_CONVERSION = YES;
				CLANG_WARN_INFINITE_RECURSION = YES;
				CLANG_WARN_INT_CONVERSION = YES;
				CLANG_WARN_OBJC_ROOT_CLASS = YES_ERROR;
				CLANG_WARN_SUSPICIOUS_MOVE = YES;
				CLANG_WARN_UNREACHABLE_CODE = YES;
				CLANG_WARN__DUPLICATE_METHOD_MATCH = YES;
				"CODE_SIGN_IDENTITY[sdk=iphoneos*]" = "iPhone Developer";
				COPY_PHASE_STRIP = NO;
				CURRENT_PROJECT_VERSION = 1;
				DEBUG_INFORMATION_FORMAT = "dwarf-with-dsym";
				ENABLE_NS_ASSERTIONS = NO;
				ENABLE_STRICT_OBJC_MSGSEND = YES;
				GCC_C_LANGUAGE_STANDARD = gnu99;
				GCC_NO_COMMON_BLOCKS = YES;
				GCC_WARN_64_TO_32_BIT_CONVERSION = YES;
				GCC_WARN_ABOUT_RETURN_TYPE = YES_ERROR;
				GCC_WARN_UNDECLARED_SELECTOR = YES;
				GCC_WARN_UNINITIALIZED_AUTOS = YES_AGGRESSIVE;
				GCC_WARN_UNUSED_FUNCTION = YES;
				GCC_WARN_UNUSED_VARIABLE = YES;
				IPHONEOS_DEPLOYMENT_TARGET = 8.0;
				MTL_ENABLE_DEBUG_INFO = NO;
				SDKROOT = iphoneos;
				SWIFT_OPTIMIZATION_LEVEL = "-Owholemodule";
				TARGETED_DEVICE_FAMILY = "1,2";
				VALIDATE_PRODUCT = YES;
				VERSIONING_SYSTEM = "apple-generic";
				VERSION_INFO_PREFIX = "";
			};
			name = Release;
		};
		FE8F90691D6EADCC0095D74B /* Debug */ = {
			isa = XCBuildConfiguration;
			buildSettings = {
				"CODE_SIGN_IDENTITY[sdk=iphoneos*]" = "";
				DEFINES_MODULE = YES;
				DYLIB_COMPATIBILITY_VERSION = 1;
				DYLIB_CURRENT_VERSION = 1;
				DYLIB_INSTALL_NAME_BASE = "@rpath";
				INFOPLIST_FILE = OMExtension/Info.plist;
				INSTALL_PATH = "$(LOCAL_LIBRARY_DIR)/Frameworks";
				LD_RUNPATH_SEARCH_PATHS = "$(inherited) @executable_path/Frameworks @loader_path/Frameworks";
				PRODUCT_BUNDLE_IDENTIFIER = com.octmon.OMExtension;
				PRODUCT_NAME = "$(TARGET_NAME)";
				SKIP_INSTALL = YES;
				SWIFT_VERSION = 2.3;
			};
			name = Debug;
		};
		FE8F906A1D6EADCC0095D74B /* Release */ = {
			isa = XCBuildConfiguration;
			buildSettings = {
				"CODE_SIGN_IDENTITY[sdk=iphoneos*]" = "";
				DEFINES_MODULE = YES;
				DYLIB_COMPATIBILITY_VERSION = 1;
				DYLIB_CURRENT_VERSION = 1;
				DYLIB_INSTALL_NAME_BASE = "@rpath";
				INFOPLIST_FILE = OMExtension/Info.plist;
				INSTALL_PATH = "$(LOCAL_LIBRARY_DIR)/Frameworks";
				LD_RUNPATH_SEARCH_PATHS = "$(inherited) @executable_path/Frameworks @loader_path/Frameworks";
				PRODUCT_BUNDLE_IDENTIFIER = com.octmon.OMExtension;
				PRODUCT_NAME = "$(TARGET_NAME)";
				SKIP_INSTALL = YES;
				SWIFT_VERSION = 2.3;
			};
			name = Release;
		};
		FE8F906C1D6EADCC0095D74B /* Debug */ = {
			isa = XCBuildConfiguration;
			buildSettings = {
				ALWAYS_EMBED_SWIFT_STANDARD_LIBRARIES = YES;
				INFOPLIST_FILE = OMExtensionTests/Info.plist;
				LD_RUNPATH_SEARCH_PATHS = "$(inherited) @executable_path/Frameworks @loader_path/Frameworks";
				PRODUCT_BUNDLE_IDENTIFIER = com.octmon.OMExtensionTests;
				PRODUCT_NAME = "$(TARGET_NAME)";
				SWIFT_VERSION = 2.3;
			};
			name = Debug;
		};
		FE8F906D1D6EADCC0095D74B /* Release */ = {
			isa = XCBuildConfiguration;
			buildSettings = {
				ALWAYS_EMBED_SWIFT_STANDARD_LIBRARIES = YES;
				INFOPLIST_FILE = OMExtensionTests/Info.plist;
				LD_RUNPATH_SEARCH_PATHS = "$(inherited) @executable_path/Frameworks @loader_path/Frameworks";
				PRODUCT_BUNDLE_IDENTIFIER = com.octmon.OMExtensionTests;
				PRODUCT_NAME = "$(TARGET_NAME)";
				SWIFT_VERSION = 2.3;
			};
			name = Release;
		};
/* End XCBuildConfiguration section */

/* Begin XCConfigurationList section */
		FE8F904E1D6EADCC0095D74B /* Build configuration list for PBXProject "OMExtension" */ = {
			isa = XCConfigurationList;
			buildConfigurations = (
				FE8F90661D6EADCC0095D74B /* Debug */,
				FE8F90671D6EADCC0095D74B /* Release */,
			);
			defaultConfigurationIsVisible = 0;
			defaultConfigurationName = Release;
		};
		FE8F90681D6EADCC0095D74B /* Build configuration list for PBXNativeTarget "OMExtension" */ = {
			isa = XCConfigurationList;
			buildConfigurations = (
				FE8F90691D6EADCC0095D74B /* Debug */,
				FE8F906A1D6EADCC0095D74B /* Release */,
			);
			defaultConfigurationIsVisible = 0;
			defaultConfigurationName = Release;
		};
		FE8F906B1D6EADCC0095D74B /* Build configuration list for PBXNativeTarget "OMExtensionTests" */ = {
			isa = XCConfigurationList;
			buildConfigurations = (
				FE8F906C1D6EADCC0095D74B /* Debug */,
				FE8F906D1D6EADCC0095D74B /* Release */,
			);
			defaultConfigurationIsVisible = 0;
			defaultConfigurationName = Release;
		};
/* End XCConfigurationList section */
	};
	rootObject = FE8F904B1D6EADCC0095D74B /* Project object */;
}
